<?xml version="1.0" encoding="UTF-8"?>
<!DOCTYPE plist PUBLIC "-//Apple//DTD PLIST 1.0//EN" "http://www.apple.com/DTDs/PropertyList-1.0.dtd">
<plist version="1.0">
<dict>
	<key>archiveVersion</key>
	<string>1</string>
	<key>classes</key>
	<dict/>
	<key>objectVersion</key>
	<string>46</string>
	<key>objects</key>
	<dict>
		<key>5F049B5F1CB42C29006F6C05</key>
		<dict>
			<key>children</key>
			<array>
				<string>5F3965C81CF67DD800CDE7C0</string>
				<string>5F049B6B1CB42C29006F6C05</string>
				<string>5F06DD921CC451430011842B</string>
				<string>5F06DDC21CC5712F0011842B</string>
				<string>5F049B6A1CB42C29006F6C05</string>
			</array>
			<key>isa</key>
			<string>PBXGroup</string>
			<key>sourceTree</key>
			<string>&lt;group&gt;</string>
		</dict>
		<key>5F049B601CB42C29006F6C05</key>
		<dict>
			<key>attributes</key>
			<dict>
				<key>LastSwiftUpdateCheck</key>
				<string>0730</string>
				<key>LastUpgradeCheck</key>
				<string>0720</string>
				<key>ORGANIZATIONNAME</key>
				<string>Auth0</string>
				<key>TargetAttributes</key>
				<dict>
					<key>5F06DD771CC448B10011842B</key>
					<dict>
						<key>CreatedOnToolsVersion</key>
						<string>7.3</string>
					</dict>
					<key>5F06DD841CC448C90011842B</key>
					<dict>
						<key>CreatedOnToolsVersion</key>
						<string>7.3</string>
					</dict>
					<key>5F06DD9F1CC451540011842B</key>
					<dict>
						<key>CreatedOnToolsVersion</key>
						<string>7.3</string>
						<key>TestTargetID</key>
						<string>5F3965C61CF67DD800CDE7C0</string>
					</dict>
					<key>5F06DDAE1CC451700011842B</key>
					<dict>
						<key>CreatedOnToolsVersion</key>
						<string>7.3</string>
					</dict>
					<key>5F3965C61CF67DD800CDE7C0</key>
					<dict>
						<key>CreatedOnToolsVersion</key>
						<string>7.3.1</string>
					</dict>
				</dict>
			</dict>
			<key>buildConfigurationList</key>
			<string>5F049B631CB42C29006F6C05</string>
			<key>compatibilityVersion</key>
			<string>Xcode 3.2</string>
			<key>developmentRegion</key>
			<string>English</string>
			<key>hasScannedForEncodings</key>
			<string>0</string>
			<key>isa</key>
			<string>PBXProject</string>
			<key>knownRegions</key>
			<array>
				<string>en</string>
				<string>Base</string>
			</array>
			<key>mainGroup</key>
			<string>5F049B5F1CB42C29006F6C05</string>
			<key>productRefGroup</key>
			<string>5F049B6A1CB42C29006F6C05</string>
			<key>projectDirPath</key>
			<string></string>
			<key>projectReferences</key>
			<array/>
			<key>projectRoot</key>
			<string></string>
			<key>targets</key>
			<array>
				<string>5F06DD771CC448B10011842B</string>
				<string>5F06DD841CC448C90011842B</string>
				<string>5F06DD9F1CC451540011842B</string>
				<string>5F06DDAE1CC451700011842B</string>
				<string>5F3965C61CF67DD800CDE7C0</string>
			</array>
		</dict>
		<key>5F049B631CB42C29006F6C05</key>
		<dict>
			<key>buildConfigurations</key>
			<array>
				<string>5F049B6F1CB42C29006F6C05</string>
				<string>5F049B701CB42C29006F6C05</string>
			</array>
			<key>defaultConfigurationIsVisible</key>
			<string>0</string>
			<key>defaultConfigurationName</key>
			<string>Release</string>
			<key>isa</key>
			<string>XCConfigurationList</string>
		</dict>
		<key>5F049B6A1CB42C29006F6C05</key>
		<dict>
			<key>children</key>
			<array>
				<string>5F06DD781CC448B10011842B</string>
				<string>5F06DD851CC448C90011842B</string>
				<string>5F06DDA01CC451540011842B</string>
				<string>5F06DDAF1CC451700011842B</string>
				<string>5F3965C71CF67DD800CDE7C0</string>
			</array>
			<key>isa</key>
			<string>PBXGroup</string>
			<key>name</key>
			<string>Products</string>
			<key>sourceTree</key>
			<string>&lt;group&gt;</string>
		</dict>
		<key>5F049B6B1CB42C29006F6C05</key>
		<dict>
			<key>children</key>
			<array>
				<string>5FBBF03D1CCA8FC20024D2AF</string>
				<string>5FCAB16E1D08FFE900331C84</string>
				<string>5F6FAC611D09E92800D5B4EA</string>
				<string>5FF465BA1CE2AC2800F7ED8C</string>
				<string>5FE2F8C01CD0F9AF003628F4</string>
				<string>5F3965C01CF679B500CDE7C0</string>
				<string>5F049B6C1CB42C29006F6C05</string>
				<string>5F06DDC81CC66B710011842B</string>
				<string>5F049B6E1CB42C29006F6C05</string>
			</array>
			<key>isa</key>
			<string>PBXGroup</string>
			<key>path</key>
			<string>Auth0</string>
			<key>sourceTree</key>
			<string>&lt;group&gt;</string>
		</dict>
		<key>5F049B6C1CB42C29006F6C05</key>
		<dict>
			<key>isa</key>
			<string>PBXFileReference</string>
			<key>lastKnownFileType</key>
			<string>sourcecode.c.h</string>
			<key>path</key>
			<string>Auth0.h</string>
			<key>sourceTree</key>
			<string>&lt;group&gt;</string>
		</dict>
		<key>5F049B6E1CB42C29006F6C05</key>
		<dict>
			<key>isa</key>
			<string>PBXFileReference</string>
			<key>lastKnownFileType</key>
			<string>text.plist.xml</string>
			<key>path</key>
			<string>Info.plist</string>
			<key>sourceTree</key>
			<string>&lt;group&gt;</string>
		</dict>
		<key>5F049B6F1CB42C29006F6C05</key>
		<dict>
			<key>buildSettings</key>
			<dict>
				<key>ALWAYS_SEARCH_USER_PATHS</key>
				<string>NO</string>
				<key>CLANG_CXX_LANGUAGE_STANDARD</key>
				<string>gnu++0x</string>
				<key>CLANG_CXX_LIBRARY</key>
				<string>libc++</string>
				<key>CLANG_ENABLE_MODULES</key>
				<string>YES</string>
				<key>CLANG_ENABLE_OBJC_ARC</key>
				<string>YES</string>
				<key>CLANG_WARN_BOOL_CONVERSION</key>
				<string>YES</string>
				<key>CLANG_WARN_CONSTANT_CONVERSION</key>
				<string>YES</string>
				<key>CLANG_WARN_DIRECT_OBJC_ISA_USAGE</key>
				<string>YES_ERROR</string>
				<key>CLANG_WARN_EMPTY_BODY</key>
				<string>YES</string>
				<key>CLANG_WARN_ENUM_CONVERSION</key>
				<string>YES</string>
				<key>CLANG_WARN_INT_CONVERSION</key>
				<string>YES</string>
				<key>CLANG_WARN_OBJC_ROOT_CLASS</key>
				<string>YES_ERROR</string>
				<key>CLANG_WARN_UNREACHABLE_CODE</key>
				<string>YES</string>
				<key>CLANG_WARN__DUPLICATE_METHOD_MATCH</key>
				<string>YES</string>
				<key>CODE_SIGN_IDENTITY[sdk=iphoneos*]</key>
				<string>iPhone Developer</string>
				<key>COPY_PHASE_STRIP</key>
				<string>NO</string>
				<key>CURRENT_PROJECT_VERSION</key>
				<string>1</string>
				<key>DEBUG_INFORMATION_FORMAT</key>
				<string>dwarf</string>
				<key>ENABLE_STRICT_OBJC_MSGSEND</key>
				<string>YES</string>
				<key>ENABLE_TESTABILITY</key>
				<string>YES</string>
				<key>GCC_C_LANGUAGE_STANDARD</key>
				<string>gnu99</string>
				<key>GCC_DYNAMIC_NO_PIC</key>
				<string>NO</string>
				<key>GCC_NO_COMMON_BLOCKS</key>
				<string>YES</string>
				<key>GCC_OPTIMIZATION_LEVEL</key>
				<string>0</string>
				<key>GCC_PREPROCESSOR_DEFINITIONS</key>
				<array>
					<string>DEBUG=1</string>
					<string>$(inherited)</string>
				</array>
				<key>GCC_WARN_64_TO_32_BIT_CONVERSION</key>
				<string>YES</string>
				<key>GCC_WARN_ABOUT_RETURN_TYPE</key>
				<string>YES_ERROR</string>
				<key>GCC_WARN_UNDECLARED_SELECTOR</key>
				<string>YES</string>
				<key>GCC_WARN_UNINITIALIZED_AUTOS</key>
				<string>YES_AGGRESSIVE</string>
				<key>GCC_WARN_UNUSED_FUNCTION</key>
				<string>YES</string>
				<key>GCC_WARN_UNUSED_VARIABLE</key>
				<string>YES</string>
				<key>IPHONEOS_DEPLOYMENT_TARGET</key>
				<string>9.0</string>
				<key>MACOSX_DEPLOYMENT_TARGET</key>
				<string>10.10</string>
				<key>MTL_ENABLE_DEBUG_INFO</key>
				<string>YES</string>
				<key>ONLY_ACTIVE_ARCH</key>
				<string>YES</string>
				<key>SDKROOT</key>
				<string>iphoneos</string>
				<key>SWIFT_OPTIMIZATION_LEVEL</key>
				<string>-Onone</string>
				<key>TARGETED_DEVICE_FAMILY</key>
				<string>1,2</string>
				<key>VERSIONING_SYSTEM</key>
				<string>apple-generic</string>
				<key>VERSION_INFO_PREFIX</key>
				<string></string>
			</dict>
			<key>isa</key>
			<string>XCBuildConfiguration</string>
			<key>name</key>
			<string>Debug</string>
		</dict>
		<key>5F049B701CB42C29006F6C05</key>
		<dict>
			<key>buildSettings</key>
			<dict>
				<key>ALWAYS_SEARCH_USER_PATHS</key>
				<string>NO</string>
				<key>CLANG_CXX_LANGUAGE_STANDARD</key>
				<string>gnu++0x</string>
				<key>CLANG_CXX_LIBRARY</key>
				<string>libc++</string>
				<key>CLANG_ENABLE_MODULES</key>
				<string>YES</string>
				<key>CLANG_ENABLE_OBJC_ARC</key>
				<string>YES</string>
				<key>CLANG_WARN_BOOL_CONVERSION</key>
				<string>YES</string>
				<key>CLANG_WARN_CONSTANT_CONVERSION</key>
				<string>YES</string>
				<key>CLANG_WARN_DIRECT_OBJC_ISA_USAGE</key>
				<string>YES_ERROR</string>
				<key>CLANG_WARN_EMPTY_BODY</key>
				<string>YES</string>
				<key>CLANG_WARN_ENUM_CONVERSION</key>
				<string>YES</string>
				<key>CLANG_WARN_INT_CONVERSION</key>
				<string>YES</string>
				<key>CLANG_WARN_OBJC_ROOT_CLASS</key>
				<string>YES_ERROR</string>
				<key>CLANG_WARN_UNREACHABLE_CODE</key>
				<string>YES</string>
				<key>CLANG_WARN__DUPLICATE_METHOD_MATCH</key>
				<string>YES</string>
				<key>CODE_SIGN_IDENTITY[sdk=iphoneos*]</key>
				<string>iPhone Developer</string>
				<key>COPY_PHASE_STRIP</key>
				<string>NO</string>
				<key>CURRENT_PROJECT_VERSION</key>
				<string>1</string>
				<key>DEBUG_INFORMATION_FORMAT</key>
				<string>dwarf-with-dsym</string>
				<key>ENABLE_NS_ASSERTIONS</key>
				<string>NO</string>
				<key>ENABLE_STRICT_OBJC_MSGSEND</key>
				<string>YES</string>
				<key>GCC_C_LANGUAGE_STANDARD</key>
				<string>gnu99</string>
				<key>GCC_NO_COMMON_BLOCKS</key>
				<string>YES</string>
				<key>GCC_WARN_64_TO_32_BIT_CONVERSION</key>
				<string>YES</string>
				<key>GCC_WARN_ABOUT_RETURN_TYPE</key>
				<string>YES_ERROR</string>
				<key>GCC_WARN_UNDECLARED_SELECTOR</key>
				<string>YES</string>
				<key>GCC_WARN_UNINITIALIZED_AUTOS</key>
				<string>YES_AGGRESSIVE</string>
				<key>GCC_WARN_UNUSED_FUNCTION</key>
				<string>YES</string>
				<key>GCC_WARN_UNUSED_VARIABLE</key>
				<string>YES</string>
				<key>IPHONEOS_DEPLOYMENT_TARGET</key>
				<string>9.0</string>
				<key>MACOSX_DEPLOYMENT_TARGET</key>
				<string>10.10</string>
				<key>MTL_ENABLE_DEBUG_INFO</key>
				<string>NO</string>
				<key>SDKROOT</key>
				<string>iphoneos</string>
				<key>TARGETED_DEVICE_FAMILY</key>
				<string>1,2</string>
				<key>VALIDATE_PRODUCT</key>
				<string>YES</string>
				<key>VERSIONING_SYSTEM</key>
				<string>apple-generic</string>
				<key>VERSION_INFO_PREFIX</key>
				<string></string>
			</dict>
			<key>isa</key>
			<string>XCBuildConfiguration</string>
			<key>name</key>
			<string>Release</string>
		</dict>
		<key>5F06DD731CC448B10011842B</key>
		<dict>
			<key>buildActionMask</key>
			<string>2147483647</string>
			<key>files</key>
			<array>
				<string>5F3965F31CF6857A00CDE7C0</string>
				<string>5FCAB1711D09005A00331C84</string>
				<string>5FE2F8BB1CD0EAAD003628F4</string>
				<string>5FCCC31C1CF51DF300901E2E</string>
				<string>5FC34AF81D0101BF000F28F5</string>
				<string>5F6FAC631D09E98000D5B4EA</string>
				<string>5FBBF0461CCA99E90024D2AF</string>
				<string>5F53F5CE1CFD157300476A46</string>
				<string>5FBEF3DC1D079F2100D90941</string>
				<string>5F74CB3D1CEE8E9100226823</string>
				<string>5FF465BC1CE2AC4500F7ED8C</string>
				<string>5F4A1F961D00AABC00C72242</string>
				<string>5FCAB1731D09009600331C84</string>
				<string>5F2BD4041D09F7B700B5F7D2</string>
				<string>5F06DDC91CC66B710011842B</string>
				<string>5FE2F8B21CCEAED8003628F4</string>
				<string>5FCCC3191CF51BBD00901E2E</string>
				<string>5FE2F8B51CCEB1C0003628F4</string>
				<string>5FADB60C1CED7E0800D4BB50</string>
				<string>5FCAB1791D09124D00331C84</string>
				<string>5F7989511CF13A20009E8A10</string>
				<string>5F74CB401CEFD5E600226823</string>
				<string>5FE2F8B81CD0E910003628F4</string>
				<string>5FE2F8A91CCE54F1003628F4</string>
				<string>5F3965C21CF67CF000CDE7C0</string>
				<string>5FCAB1761D0900CF00331C84</string>
				<string>5FE2F8C31CD1498E003628F4</string>
				<string>5FCCC3151CF4DB4400901E2E</string>
				<string>5FBBF03F1CCA8FF40024D2AF</string>
				<string>5FADB6061CED27FB00D4BB50</string>
			</array>
			<key>isa</key>
			<string>PBXSourcesBuildPhase</string>
			<key>runOnlyForDeploymentPostprocessing</key>
			<string>0</string>
		</dict>
		<key>5F06DD741CC448B10011842B</key>
		<dict>
			<key>buildActionMask</key>
			<string>2147483647</string>
			<key>files</key>
			<array/>
			<key>isa</key>
			<string>PBXFrameworksBuildPhase</string>
			<key>runOnlyForDeploymentPostprocessing</key>
			<string>0</string>
		</dict>
		<key>5F06DD751CC448B10011842B</key>
		<dict>
			<key>buildActionMask</key>
			<string>2147483647</string>
			<key>files</key>
			<array>
				<string>5FC34AFA1D010554000F28F5</string>
				<string>5FC34AF71D0101BF000F28F5</string>
			</array>
			<key>isa</key>
			<string>PBXHeadersBuildPhase</string>
			<key>runOnlyForDeploymentPostprocessing</key>
			<string>0</string>
		</dict>
		<key>5F06DD761CC448B10011842B</key>
		<dict>
			<key>buildActionMask</key>
			<string>2147483647</string>
			<key>files</key>
			<array/>
			<key>isa</key>
			<string>PBXResourcesBuildPhase</string>
			<key>runOnlyForDeploymentPostprocessing</key>
			<string>0</string>
		</dict>
		<key>5F06DD771CC448B10011842B</key>
		<dict>
			<key>buildConfigurationList</key>
			<string>5F06DD7F1CC448B10011842B</string>
			<key>buildPhases</key>
			<array>
				<string>5F06DD731CC448B10011842B</string>
				<string>5F06DD741CC448B10011842B</string>
				<string>5F06DD751CC448B10011842B</string>
				<string>5F06DD761CC448B10011842B</string>
			</array>
			<key>buildRules</key>
			<array/>
			<key>dependencies</key>
			<array/>
			<key>isa</key>
			<string>PBXNativeTarget</string>
			<key>name</key>
			<string>Auth0.iOS</string>
			<key>productName</key>
			<string>Auth0.iOS</string>
			<key>productReference</key>
			<string>5F06DD781CC448B10011842B</string>
			<key>productType</key>
			<string>com.apple.product-type.framework</string>
		</dict>
		<key>5F06DD781CC448B10011842B</key>
		<dict>
			<key>explicitFileType</key>
			<string>wrapper.framework</string>
			<key>includeInIndex</key>
			<string>0</string>
			<key>isa</key>
			<string>PBXFileReference</string>
			<key>path</key>
			<string>Auth0.framework</string>
			<key>sourceTree</key>
			<string>BUILT_PRODUCTS_DIR</string>
		</dict>
		<key>5F06DD7D1CC448B10011842B</key>
		<dict>
			<key>buildSettings</key>
			<dict>
				<key>CLANG_ANALYZER_NONNULL</key>
				<string>YES</string>
				<key>CLANG_ENABLE_MODULES</key>
				<string>YES</string>
				<key>DEFINES_MODULE</key>
				<string>YES</string>
				<key>DYLIB_COMPATIBILITY_VERSION</key>
				<string>1</string>
				<key>DYLIB_CURRENT_VERSION</key>
				<string>1</string>
				<key>DYLIB_INSTALL_NAME_BASE</key>
				<string>@rpath</string>
				<key>FRAMEWORK_SEARCH_PATHS</key>
				<array>
					<string>$(inherited)</string>
					<string>$(PROJECT_DIR)/Carthage/Build/iOS</string>
				</array>
				<key>INFOPLIST_FILE</key>
				<string>Auth0/Info.plist</string>
				<key>INSTALL_PATH</key>
				<string>$(LOCAL_LIBRARY_DIR)/Frameworks</string>
				<key>IPHONEOS_DEPLOYMENT_TARGET</key>
				<string>9.0</string>
				<key>LD_RUNPATH_SEARCH_PATHS</key>
				<string>$(inherited) @executable_path/Frameworks @loader_path/Frameworks</string>
				<key>OTHER_SWIFT_FLAGS</key>
				<string>-DDEBUG</string>
				<key>PRODUCT_BUNDLE_IDENTIFIER</key>
				<string>com.auth0.Auth0</string>
				<key>PRODUCT_MODULE_NAME</key>
				<string>$(PRODUCT_NAME:c99extidentifier)</string>
				<key>PRODUCT_NAME</key>
				<string>Auth0</string>
				<key>SKIP_INSTALL</key>
				<string>YES</string>
				<key>SWIFT_OPTIMIZATION_LEVEL</key>
				<string>-Onone</string>
			</dict>
			<key>isa</key>
			<string>XCBuildConfiguration</string>
			<key>name</key>
			<string>Debug</string>
		</dict>
		<key>5F06DD7E1CC448B10011842B</key>
		<dict>
			<key>buildSettings</key>
			<dict>
				<key>CLANG_ANALYZER_NONNULL</key>
				<string>YES</string>
				<key>CLANG_ENABLE_MODULES</key>
				<string>YES</string>
				<key>DEFINES_MODULE</key>
				<string>YES</string>
				<key>DYLIB_COMPATIBILITY_VERSION</key>
				<string>1</string>
				<key>DYLIB_CURRENT_VERSION</key>
				<string>1</string>
				<key>DYLIB_INSTALL_NAME_BASE</key>
				<string>@rpath</string>
				<key>FRAMEWORK_SEARCH_PATHS</key>
				<array>
					<string>$(inherited)</string>
					<string>$(PROJECT_DIR)/Carthage/Build/iOS</string>
				</array>
				<key>INFOPLIST_FILE</key>
				<string>Auth0/Info.plist</string>
				<key>INSTALL_PATH</key>
				<string>$(LOCAL_LIBRARY_DIR)/Frameworks</string>
				<key>IPHONEOS_DEPLOYMENT_TARGET</key>
				<string>9.0</string>
				<key>LD_RUNPATH_SEARCH_PATHS</key>
				<string>$(inherited) @executable_path/Frameworks @loader_path/Frameworks</string>
				<key>OTHER_SWIFT_FLAGS</key>
				<string></string>
				<key>PRODUCT_BUNDLE_IDENTIFIER</key>
				<string>com.auth0.Auth0</string>
				<key>PRODUCT_MODULE_NAME</key>
				<string>$(PRODUCT_NAME:c99extidentifier)</string>
				<key>PRODUCT_NAME</key>
				<string>Auth0</string>
				<key>SKIP_INSTALL</key>
				<string>YES</string>
			</dict>
			<key>isa</key>
			<string>XCBuildConfiguration</string>
			<key>name</key>
			<string>Release</string>
		</dict>
		<key>5F06DD7F1CC448B10011842B</key>
		<dict>
			<key>buildConfigurations</key>
			<array>
				<string>5F06DD7D1CC448B10011842B</string>
				<string>5F06DD7E1CC448B10011842B</string>
			</array>
			<key>defaultConfigurationIsVisible</key>
			<string>0</string>
			<key>defaultConfigurationName</key>
			<string>Release</string>
			<key>isa</key>
			<string>XCConfigurationList</string>
		</dict>
		<key>5F06DD801CC448C90011842B</key>
		<dict>
			<key>buildActionMask</key>
			<string>2147483647</string>
			<key>files</key>
			<array>
				<string>5FE2F8BC1CD0EAAD003628F4</string>
				<string>5FCCC31D1CF51DF300901E2E</string>
				<string>5FBBF0471CCA99E90024D2AF</string>
				<string>5F74CB3E1CEE8E9100226823</string>
				<string>5F6FAC641D09E98000D5B4EA</string>
				<string>5FF465BD1CE2AC4500F7ED8C</string>
				<string>5F06DDCA1CC66B710011842B</string>
				<string>5FE2F8B31CCEAED8003628F4</string>
				<string>5FCCC31A1CF51BBD00901E2E</string>
				<string>5FE2F8B61CCEB1C0003628F4</string>
				<string>5FADB60D1CED7E0800D4BB50</string>
				<string>5F7989521CF13A20009E8A10</string>
				<string>5F74CB411CEFD5E600226823</string>
				<string>5F2BD4051D09F7B700B5F7D2</string>
				<string>5FE2F8B91CD0E910003628F4</string>
				<string>5FE2F8AA1CCE54F1003628F4</string>
				<string>5FE2F8C41CD1498E003628F4</string>
				<string>5FCAB1741D09009600331C84</string>
				<string>5FCCC3161CF4DB4400901E2E</string>
				<string>5FCAB17A1D09124D00331C84</string>
				<string>5FBBF0401CCA8FF40024D2AF</string>
				<string>5FADB6071CED27FB00D4BB50</string>
			</array>
			<key>isa</key>
			<string>PBXSourcesBuildPhase</string>
			<key>runOnlyForDeploymentPostprocessing</key>
			<string>0</string>
		</dict>
		<key>5F06DD811CC448C90011842B</key>
		<dict>
			<key>buildActionMask</key>
			<string>2147483647</string>
			<key>files</key>
			<array/>
			<key>isa</key>
			<string>PBXFrameworksBuildPhase</string>
			<key>runOnlyForDeploymentPostprocessing</key>
			<string>0</string>
		</dict>
		<key>5F06DD821CC448C90011842B</key>
		<dict>
			<key>buildActionMask</key>
			<string>2147483647</string>
			<key>files</key>
			<array/>
			<key>isa</key>
			<string>PBXHeadersBuildPhase</string>
			<key>runOnlyForDeploymentPostprocessing</key>
			<string>0</string>
		</dict>
		<key>5F06DD831CC448C90011842B</key>
		<dict>
			<key>buildActionMask</key>
			<string>2147483647</string>
			<key>files</key>
			<array/>
			<key>isa</key>
			<string>PBXResourcesBuildPhase</string>
			<key>runOnlyForDeploymentPostprocessing</key>
			<string>0</string>
		</dict>
		<key>5F06DD841CC448C90011842B</key>
		<dict>
			<key>buildConfigurationList</key>
			<string>5F06DD8A1CC448C90011842B</string>
			<key>buildPhases</key>
			<array>
				<string>5F06DD801CC448C90011842B</string>
				<string>5F06DD811CC448C90011842B</string>
				<string>5F06DD821CC448C90011842B</string>
				<string>5F06DD831CC448C90011842B</string>
			</array>
			<key>buildRules</key>
			<array/>
			<key>dependencies</key>
			<array/>
			<key>isa</key>
			<string>PBXNativeTarget</string>
			<key>name</key>
			<string>Auth0.OSX</string>
			<key>productName</key>
			<string>Auth0.OSX</string>
			<key>productReference</key>
			<string>5F06DD851CC448C90011842B</string>
			<key>productType</key>
			<string>com.apple.product-type.framework</string>
		</dict>
		<key>5F06DD851CC448C90011842B</key>
		<dict>
			<key>explicitFileType</key>
			<string>wrapper.framework</string>
			<key>includeInIndex</key>
			<string>0</string>
			<key>isa</key>
			<string>PBXFileReference</string>
			<key>path</key>
			<string>Auth0.framework</string>
			<key>sourceTree</key>
			<string>BUILT_PRODUCTS_DIR</string>
		</dict>
		<key>5F06DD8A1CC448C90011842B</key>
		<dict>
			<key>buildConfigurations</key>
			<array>
				<string>5F06DD8B1CC448C90011842B</string>
				<string>5F06DD8C1CC448C90011842B</string>
			</array>
			<key>defaultConfigurationIsVisible</key>
			<string>0</string>
			<key>defaultConfigurationName</key>
			<string>Release</string>
			<key>isa</key>
			<string>XCConfigurationList</string>
		</dict>
		<key>5F06DD8B1CC448C90011842B</key>
		<dict>
			<key>buildSettings</key>
			<dict>
				<key>CLANG_ANALYZER_NONNULL</key>
				<string>YES</string>
				<key>CLANG_ENABLE_MODULES</key>
				<string>YES</string>
				<key>COMBINE_HIDPI_IMAGES</key>
				<string>YES</string>
				<key>DEFINES_MODULE</key>
				<string>YES</string>
				<key>DYLIB_COMPATIBILITY_VERSION</key>
				<string>1</string>
				<key>DYLIB_CURRENT_VERSION</key>
				<string>1</string>
				<key>DYLIB_INSTALL_NAME_BASE</key>
				<string>@rpath</string>
				<key>FRAMEWORK_SEARCH_PATHS</key>
				<array>
					<string>$(inherited)</string>
					<string>$(PROJECT_DIR)/Carthage/Build/Mac</string>
				</array>
				<key>FRAMEWORK_VERSION</key>
				<string>A</string>
				<key>INFOPLIST_FILE</key>
				<string>Auth0/Info.plist</string>
				<key>INSTALL_PATH</key>
				<string>$(LOCAL_LIBRARY_DIR)/Frameworks</string>
				<key>LD_RUNPATH_SEARCH_PATHS</key>
				<string>$(inherited) @executable_path/../Frameworks @loader_path/Frameworks</string>
				<key>MACOSX_DEPLOYMENT_TARGET</key>
				<string>10.10</string>
				<key>OTHER_SWIFT_FLAGS</key>
				<string>-DDEBUG</string>
				<key>PRODUCT_BUNDLE_IDENTIFIER</key>
				<string>com.auth0.Auth0</string>
				<key>PRODUCT_NAME</key>
				<string>Auth0</string>
				<key>SDKROOT</key>
				<string>macosx</string>
				<key>SKIP_INSTALL</key>
				<string>YES</string>
				<key>SWIFT_OPTIMIZATION_LEVEL</key>
				<string>-Onone</string>
			</dict>
			<key>isa</key>
			<string>XCBuildConfiguration</string>
			<key>name</key>
			<string>Debug</string>
		</dict>
		<key>5F06DD8C1CC448C90011842B</key>
		<dict>
			<key>buildSettings</key>
			<dict>
				<key>CLANG_ANALYZER_NONNULL</key>
				<string>YES</string>
				<key>CLANG_ENABLE_MODULES</key>
				<string>YES</string>
				<key>COMBINE_HIDPI_IMAGES</key>
				<string>YES</string>
				<key>DEFINES_MODULE</key>
				<string>YES</string>
				<key>DYLIB_COMPATIBILITY_VERSION</key>
				<string>1</string>
				<key>DYLIB_CURRENT_VERSION</key>
				<string>1</string>
				<key>DYLIB_INSTALL_NAME_BASE</key>
				<string>@rpath</string>
				<key>FRAMEWORK_SEARCH_PATHS</key>
				<array>
					<string>$(inherited)</string>
					<string>$(PROJECT_DIR)/Carthage/Build/Mac</string>
				</array>
				<key>FRAMEWORK_VERSION</key>
				<string>A</string>
				<key>INFOPLIST_FILE</key>
				<string>Auth0/Info.plist</string>
				<key>INSTALL_PATH</key>
				<string>$(LOCAL_LIBRARY_DIR)/Frameworks</string>
				<key>LD_RUNPATH_SEARCH_PATHS</key>
				<string>$(inherited) @executable_path/../Frameworks @loader_path/Frameworks</string>
				<key>MACOSX_DEPLOYMENT_TARGET</key>
				<string>10.10</string>
				<key>OTHER_SWIFT_FLAGS</key>
				<string></string>
				<key>PRODUCT_BUNDLE_IDENTIFIER</key>
				<string>com.auth0.Auth0</string>
				<key>PRODUCT_NAME</key>
				<string>Auth0</string>
				<key>SDKROOT</key>
				<string>macosx</string>
				<key>SKIP_INSTALL</key>
				<string>YES</string>
			</dict>
			<key>isa</key>
			<string>XCBuildConfiguration</string>
			<key>name</key>
			<string>Release</string>
		</dict>
		<key>5F06DD921CC451430011842B</key>
		<dict>
			<key>children</key>
			<array>
				<string>5FBBF0411CCA901B0024D2AF</string>
				<string>5FADB6011CEC0C1600D4BB50</string>
				<string>5FE2F8C11CD0FA11003628F4</string>
				<string>5FCAB1661D07ABEA00331C84</string>
				<string>5FCCC30F1CF4D4D000901E2E</string>
				<string>5FBBF0331CC95FA40024D2AF</string>
				<string>5F93BC0A1CC6B0DE0031519F</string>
				<string>5FF3464A1CEFEC04000799DE</string>
				<string>5FF346491CEFEC04000799DE</string>
				<string>5F06DD951CC451430011842B</string>
			</array>
			<key>isa</key>
			<string>PBXGroup</string>
			<key>path</key>
			<string>Auth0Tests</string>
			<key>sourceTree</key>
			<string>&lt;group&gt;</string>
		</dict>
		<key>5F06DD951CC451430011842B</key>
		<dict>
			<key>isa</key>
			<string>PBXFileReference</string>
			<key>lastKnownFileType</key>
			<string>text.plist.xml</string>
			<key>path</key>
			<string>Info.plist</string>
			<key>sourceTree</key>
			<string>&lt;group&gt;</string>
		</dict>
		<key>5F06DD9C1CC451540011842B</key>
		<dict>
			<key>buildActionMask</key>
			<string>2147483647</string>
			<key>files</key>
			<array>
				<string>5FCAB1691D07AC3500331C84</string>
				<string>5FBBF03B1CC96AA70024D2AF</string>
				<string>5FCAB1681D07AC2700331C84</string>
				<string>5FCAB16A1D07AC3500331C84</string>
				<string>5FADB60F1CED7E5200D4BB50</string>
				<string>5FBBF0381CC964BC0024D2AF</string>
				<string>5F93BC0B1CC6B0DE0031519F</string>
				<string>5FE2F8A61CCA9C17003628F4</string>
				<string>5FADB6091CED500900D4BB50</string>
				<string>5FCAB16D1D07AC3500331C84</string>
				<string>5FBBF0431CCA90300024D2AF</string>
				<string>5FCAB16B1D07AC3500331C84</string>
				<string>5FCAB16C1D07AC3500331C84</string>
				<string>5FE2F8C61CD1522F003628F4</string>
				<string>5FE2F8BE1CD0EC52003628F4</string>
				<string>5FADB6031CEC0C3300D4BB50</string>
				<string>5F74CB431CEFDFB800226823</string>
				<string>5FCCC3111CF4D4FF00901E2E</string>
			</array>
			<key>isa</key>
			<string>PBXSourcesBuildPhase</string>
			<key>runOnlyForDeploymentPostprocessing</key>
			<string>0</string>
		</dict>
		<key>5F06DD9D1CC451540011842B</key>
		<dict>
			<key>buildActionMask</key>
			<string>2147483647</string>
			<key>files</key>
			<array>
				<string>5F93BC031CC6AC920031519F</string>
				<string>5F93BC041CC6AC980031519F</string>
				<string>5F93BC021CC6AC920031519F</string>
				<string>5F06DDA51CC451540011842B</string>
			</array>
			<key>isa</key>
			<string>PBXFrameworksBuildPhase</string>
			<key>runOnlyForDeploymentPostprocessing</key>
			<string>0</string>
		</dict>
		<key>5F06DD9E1CC451540011842B</key>
		<dict>
			<key>buildActionMask</key>
			<string>2147483647</string>
			<key>files</key>
			<array/>
			<key>isa</key>
			<string>PBXResourcesBuildPhase</string>
			<key>runOnlyForDeploymentPostprocessing</key>
			<string>0</string>
		</dict>
		<key>5F06DD9F1CC451540011842B</key>
		<dict>
			<key>buildConfigurationList</key>
			<string>5F06DDA81CC451540011842B</string>
			<key>buildPhases</key>
			<array>
				<string>5F06DD9C1CC451540011842B</string>
				<string>5F06DD9D1CC451540011842B</string>
				<string>5F06DD9E1CC451540011842B</string>
				<string>5F1A02931CC7EEBC00D3F662</string>
			</array>
			<key>buildRules</key>
			<array/>
			<key>dependencies</key>
			<array>
				<string>5F06DDA71CC451540011842B</string>
				<string>5FCAB1651D07ABC000331C84</string>
			</array>
			<key>isa</key>
			<string>PBXNativeTarget</string>
			<key>name</key>
			<string>Auth0Tests.iOS</string>
			<key>productName</key>
			<string>Auth0Tests.iOS</string>
			<key>productReference</key>
			<string>5F06DDA01CC451540011842B</string>
			<key>productType</key>
			<string>com.apple.product-type.bundle.unit-test</string>
		</dict>
		<key>5F06DDA01CC451540011842B</key>
		<dict>
			<key>explicitFileType</key>
			<string>wrapper.cfbundle</string>
			<key>includeInIndex</key>
			<string>0</string>
			<key>isa</key>
			<string>PBXFileReference</string>
			<key>path</key>
			<string>Auth0Tests.xctest</string>
			<key>sourceTree</key>
			<string>BUILT_PRODUCTS_DIR</string>
		</dict>
		<key>5F06DDA51CC451540011842B</key>
		<dict>
			<key>fileRef</key>
			<string>5F06DD781CC448B10011842B</string>
			<key>isa</key>
			<string>PBXBuildFile</string>
		</dict>
		<key>5F06DDA61CC451540011842B</key>
		<dict>
			<key>containerPortal</key>
			<string>5F049B601CB42C29006F6C05</string>
			<key>isa</key>
			<string>PBXContainerItemProxy</string>
			<key>proxyType</key>
			<string>1</string>
			<key>remoteGlobalIDString</key>
			<string>5F06DD771CC448B10011842B</string>
			<key>remoteInfo</key>
			<string>Auth0.iOS</string>
		</dict>
		<key>5F06DDA71CC451540011842B</key>
		<dict>
			<key>isa</key>
			<string>PBXTargetDependency</string>
			<key>target</key>
			<string>5F06DD771CC448B10011842B</string>
			<key>targetProxy</key>
			<string>5F06DDA61CC451540011842B</string>
		</dict>
		<key>5F06DDA81CC451540011842B</key>
		<dict>
			<key>buildConfigurations</key>
			<array>
				<string>5F06DDA91CC451540011842B</string>
				<string>5F06DDAA1CC451540011842B</string>
			</array>
			<key>defaultConfigurationIsVisible</key>
			<string>0</string>
			<key>defaultConfigurationName</key>
			<string>Release</string>
			<key>isa</key>
			<string>XCConfigurationList</string>
		</dict>
		<key>5F06DDA91CC451540011842B</key>
		<dict>
			<key>buildSettings</key>
			<dict>
				<key>BUNDLE_LOADER</key>
				<string>$(TEST_HOST)</string>
				<key>CLANG_ANALYZER_NONNULL</key>
				<string>YES</string>
				<key>CLANG_ENABLE_MODULES</key>
				<string>YES</string>
				<key>FRAMEWORK_SEARCH_PATHS</key>
				<array>
					<string>$(inherited)</string>
					<string>$(PROJECT_DIR)/Carthage/Build/iOS</string>
				</array>
				<key>INFOPLIST_FILE</key>
				<string>Auth0Tests/Info.plist</string>
				<key>IPHONEOS_DEPLOYMENT_TARGET</key>
				<string>9.3</string>
				<key>LD_RUNPATH_SEARCH_PATHS</key>
				<string>$(inherited) @executable_path/Frameworks @loader_path/Frameworks</string>
				<key>OTHER_SWIFT_FLAGS</key>
				<string></string>
				<key>PRODUCT_BUNDLE_IDENTIFIER</key>
				<string>com.auth0.Auth0Tests</string>
				<key>PRODUCT_NAME</key>
				<string>Auth0Tests</string>
				<key>SWIFT_OBJC_BRIDGING_HEADER</key>
				<string>Auth0Tests/Auth0Tests.iOS-Bridging-Header.h</string>
				<key>SWIFT_OPTIMIZATION_LEVEL</key>
				<string>-Onone</string>
				<key>TEST_HOST</key>
				<string>$(BUILT_PRODUCTS_DIR)/OAuth2.app/OAuth2</string>
			</dict>
			<key>isa</key>
			<string>XCBuildConfiguration</string>
			<key>name</key>
			<string>Debug</string>
		</dict>
		<key>5F06DDAA1CC451540011842B</key>
		<dict>
			<key>buildSettings</key>
			<dict>
				<key>BUNDLE_LOADER</key>
				<string>$(TEST_HOST)</string>
				<key>CLANG_ANALYZER_NONNULL</key>
				<string>YES</string>
				<key>CLANG_ENABLE_MODULES</key>
				<string>YES</string>
				<key>FRAMEWORK_SEARCH_PATHS</key>
				<array>
					<string>$(inherited)</string>
					<string>$(PROJECT_DIR)/Carthage/Build/iOS</string>
				</array>
				<key>INFOPLIST_FILE</key>
				<string>Auth0Tests/Info.plist</string>
				<key>IPHONEOS_DEPLOYMENT_TARGET</key>
				<string>9.3</string>
				<key>LD_RUNPATH_SEARCH_PATHS</key>
				<string>$(inherited) @executable_path/Frameworks @loader_path/Frameworks</string>
				<key>OTHER_SWIFT_FLAGS</key>
				<string></string>
				<key>PRODUCT_BUNDLE_IDENTIFIER</key>
				<string>com.auth0.Auth0Tests</string>
				<key>PRODUCT_NAME</key>
				<string>Auth0Tests</string>
				<key>SWIFT_OBJC_BRIDGING_HEADER</key>
				<string>Auth0Tests/Auth0Tests.iOS-Bridging-Header.h</string>
				<key>TEST_HOST</key>
				<string>$(BUILT_PRODUCTS_DIR)/OAuth2.app/OAuth2</string>
			</dict>
			<key>isa</key>
			<string>XCBuildConfiguration</string>
			<key>name</key>
			<string>Release</string>
		</dict>
		<key>5F06DDAB1CC451700011842B</key>
		<dict>
			<key>buildActionMask</key>
			<string>2147483647</string>
			<key>files</key>
			<array>
				<string>5FBBF03C1CC96AA70024D2AF</string>
				<string>5FADB6101CED7E5200D4BB50</string>
				<string>5FBBF0391CC964BC0024D2AF</string>
				<string>5F93BC0C1CC6B0DE0031519F</string>
				<string>5FE2F8A71CCA9C17003628F4</string>
				<string>5FADB60A1CED500900D4BB50</string>
				<string>5FBBF0441CCA90300024D2AF</string>
				<string>5FE2F8C71CD1522F003628F4</string>
				<string>5FE2F8BF1CD0EC52003628F4</string>
				<string>5FADB6041CEC0C3300D4BB50</string>
				<string>5F74CB441CEFDFB800226823</string>
				<string>5FCCC3121CF4D4FF00901E2E</string>
			</array>
			<key>isa</key>
			<string>PBXSourcesBuildPhase</string>
			<key>runOnlyForDeploymentPostprocessing</key>
			<string>0</string>
		</dict>
		<key>5F06DDAC1CC451700011842B</key>
		<dict>
			<key>buildActionMask</key>
			<string>2147483647</string>
			<key>files</key>
			<array>
				<string>5F93BC071CC6ACA40031519F</string>
				<string>5F93BC061CC6ACA40031519F</string>
				<string>5F06DDB41CC451700011842B</string>
				<string>5F93BC081CC6ACA40031519F</string>
			</array>
			<key>isa</key>
			<string>PBXFrameworksBuildPhase</string>
			<key>runOnlyForDeploymentPostprocessing</key>
			<string>0</string>
		</dict>
		<key>5F06DDAD1CC451700011842B</key>
		<dict>
			<key>buildActionMask</key>
			<string>2147483647</string>
			<key>files</key>
			<array/>
			<key>isa</key>
			<string>PBXResourcesBuildPhase</string>
			<key>runOnlyForDeploymentPostprocessing</key>
			<string>0</string>
		</dict>
		<key>5F06DDAE1CC451700011842B</key>
		<dict>
			<key>buildConfigurationList</key>
			<string>5F06DDB71CC451700011842B</string>
			<key>buildPhases</key>
			<array>
				<string>5F06DDAB1CC451700011842B</string>
				<string>5F06DDAC1CC451700011842B</string>
				<string>5F06DDAD1CC451700011842B</string>
				<string>5F1A02971CC7EECE00D3F662</string>
			</array>
			<key>buildRules</key>
			<array/>
			<key>dependencies</key>
			<array>
				<string>5F06DDB61CC451700011842B</string>
			</array>
			<key>isa</key>
			<string>PBXNativeTarget</string>
			<key>name</key>
			<string>Auth0Tests.OSX</string>
			<key>productName</key>
			<string>Auth0Tests.OSX</string>
			<key>productReference</key>
			<string>5F06DDAF1CC451700011842B</string>
			<key>productType</key>
			<string>com.apple.product-type.bundle.unit-test</string>
		</dict>
		<key>5F06DDAF1CC451700011842B</key>
		<dict>
			<key>explicitFileType</key>
			<string>wrapper.cfbundle</string>
			<key>includeInIndex</key>
			<string>0</string>
			<key>isa</key>
			<string>PBXFileReference</string>
			<key>path</key>
			<string>Auth0Tests.xctest</string>
			<key>sourceTree</key>
			<string>BUILT_PRODUCTS_DIR</string>
		</dict>
		<key>5F06DDB41CC451700011842B</key>
		<dict>
			<key>fileRef</key>
			<string>5F06DD851CC448C90011842B</string>
			<key>isa</key>
			<string>PBXBuildFile</string>
		</dict>
		<key>5F06DDB51CC451700011842B</key>
		<dict>
			<key>containerPortal</key>
			<string>5F049B601CB42C29006F6C05</string>
			<key>isa</key>
			<string>PBXContainerItemProxy</string>
			<key>proxyType</key>
			<string>1</string>
			<key>remoteGlobalIDString</key>
			<string>5F06DD841CC448C90011842B</string>
			<key>remoteInfo</key>
			<string>Auth0.OSX</string>
		</dict>
		<key>5F06DDB61CC451700011842B</key>
		<dict>
			<key>isa</key>
			<string>PBXTargetDependency</string>
			<key>target</key>
			<string>5F06DD841CC448C90011842B</string>
			<key>targetProxy</key>
			<string>5F06DDB51CC451700011842B</string>
		</dict>
		<key>5F06DDB71CC451700011842B</key>
		<dict>
			<key>buildConfigurations</key>
			<array>
				<string>5F06DDB81CC451700011842B</string>
				<string>5F06DDB91CC451700011842B</string>
			</array>
			<key>defaultConfigurationIsVisible</key>
			<string>0</string>
			<key>defaultConfigurationName</key>
			<string>Release</string>
			<key>isa</key>
			<string>XCConfigurationList</string>
		</dict>
		<key>5F06DDB81CC451700011842B</key>
		<dict>
			<key>buildSettings</key>
			<dict>
				<key>CLANG_ANALYZER_NONNULL</key>
				<string>YES</string>
				<key>CLANG_ENABLE_MODULES</key>
				<string>YES</string>
				<key>CODE_SIGN_IDENTITY</key>
				<string></string>
				<key>COMBINE_HIDPI_IMAGES</key>
				<string>YES</string>
				<key>FRAMEWORK_SEARCH_PATHS</key>
				<array>
					<string>$(inherited)</string>
					<string>$(PROJECT_DIR)/Carthage/Build/Mac</string>
				</array>
				<key>INFOPLIST_FILE</key>
				<string>Auth0Tests/Info.plist</string>
				<key>LD_RUNPATH_SEARCH_PATHS</key>
				<string>$(inherited) @executable_path/../Frameworks @loader_path/../Frameworks</string>
				<key>MACOSX_DEPLOYMENT_TARGET</key>
				<string>10.11</string>
				<key>OTHER_SWIFT_FLAGS</key>
				<string></string>
				<key>PRODUCT_BUNDLE_IDENTIFIER</key>
				<string>com.auth0.Auth0Tests</string>
				<key>PRODUCT_NAME</key>
				<string>Auth0Tests</string>
				<key>SDKROOT</key>
				<string>macosx</string>
				<key>SWIFT_OBJC_BRIDGING_HEADER</key>
				<string>Auth0Tests/Auth0Tests.OSX-Bridging-Header.h</string>
				<key>SWIFT_OPTIMIZATION_LEVEL</key>
				<string>-Onone</string>
			</dict>
			<key>isa</key>
			<string>XCBuildConfiguration</string>
			<key>name</key>
			<string>Debug</string>
		</dict>
		<key>5F06DDB91CC451700011842B</key>
		<dict>
			<key>buildSettings</key>
			<dict>
				<key>CLANG_ANALYZER_NONNULL</key>
				<string>YES</string>
				<key>CLANG_ENABLE_MODULES</key>
				<string>YES</string>
				<key>CODE_SIGN_IDENTITY</key>
				<string></string>
				<key>COMBINE_HIDPI_IMAGES</key>
				<string>YES</string>
				<key>FRAMEWORK_SEARCH_PATHS</key>
				<array>
					<string>$(inherited)</string>
					<string>$(PROJECT_DIR)/Carthage/Build/Mac</string>
				</array>
				<key>INFOPLIST_FILE</key>
				<string>Auth0Tests/Info.plist</string>
				<key>LD_RUNPATH_SEARCH_PATHS</key>
				<string>$(inherited) @executable_path/../Frameworks @loader_path/../Frameworks</string>
				<key>MACOSX_DEPLOYMENT_TARGET</key>
				<string>10.11</string>
				<key>OTHER_SWIFT_FLAGS</key>
				<string></string>
				<key>PRODUCT_BUNDLE_IDENTIFIER</key>
				<string>com.auth0.Auth0Tests</string>
				<key>PRODUCT_NAME</key>
				<string>Auth0Tests</string>
				<key>SDKROOT</key>
				<string>macosx</string>
				<key>SWIFT_OBJC_BRIDGING_HEADER</key>
				<string>Auth0Tests/Auth0Tests.OSX-Bridging-Header.h</string>
			</dict>
			<key>isa</key>
			<string>XCBuildConfiguration</string>
			<key>name</key>
			<string>Release</string>
		</dict>
		<key>5F06DDBA1CC571290011842B</key>
		<dict>
			<key>isa</key>
			<string>PBXFileReference</string>
			<key>lastKnownFileType</key>
			<string>wrapper.framework</string>
			<key>name</key>
			<string>Quick.framework</string>
			<key>path</key>
			<string>Carthage/Build/iOS/Quick.framework</string>
			<key>sourceTree</key>
			<string>&lt;group&gt;</string>
		</dict>
		<key>5F06DDBB1CC571290011842B</key>
		<dict>
			<key>isa</key>
			<string>PBXFileReference</string>
			<key>lastKnownFileType</key>
			<string>wrapper.framework</string>
			<key>name</key>
			<string>OHHTTPStubs.framework</string>
			<key>path</key>
			<string>Carthage/Build/iOS/OHHTTPStubs.framework</string>
			<key>sourceTree</key>
			<string>&lt;group&gt;</string>
		</dict>
		<key>5F06DDBC1CC571290011842B</key>
		<dict>
			<key>isa</key>
			<string>PBXFileReference</string>
			<key>lastKnownFileType</key>
			<string>wrapper.framework</string>
			<key>name</key>
			<string>Nimble.framework</string>
			<key>path</key>
			<string>Carthage/Build/iOS/Nimble.framework</string>
			<key>sourceTree</key>
			<string>&lt;group&gt;</string>
		</dict>
		<key>5F06DDBE1CC571290011842B</key>
		<dict>
			<key>isa</key>
			<string>PBXFileReference</string>
			<key>lastKnownFileType</key>
			<string>wrapper.framework</string>
			<key>name</key>
			<string>Quick.framework</string>
			<key>path</key>
			<string>Carthage/Build/Mac/Quick.framework</string>
			<key>sourceTree</key>
			<string>&lt;group&gt;</string>
		</dict>
		<key>5F06DDBF1CC571290011842B</key>
		<dict>
			<key>isa</key>
			<string>PBXFileReference</string>
			<key>lastKnownFileType</key>
			<string>wrapper.framework</string>
			<key>name</key>
			<string>OHHTTPStubs.framework</string>
			<key>path</key>
			<string>Carthage/Build/Mac/OHHTTPStubs.framework</string>
			<key>sourceTree</key>
			<string>&lt;group&gt;</string>
		</dict>
		<key>5F06DDC01CC571290011842B</key>
		<dict>
			<key>isa</key>
			<string>PBXFileReference</string>
			<key>lastKnownFileType</key>
			<string>wrapper.framework</string>
			<key>name</key>
			<string>Nimble.framework</string>
			<key>path</key>
			<string>Carthage/Build/Mac/Nimble.framework</string>
			<key>sourceTree</key>
			<string>&lt;group&gt;</string>
		</dict>
		<key>5F06DDC21CC5712F0011842B</key>
		<dict>
			<key>children</key>
			<array>
				<string>5F06DDC31CC571480011842B</string>
				<string>5F06DDC41CC5714F0011842B</string>
			</array>
			<key>isa</key>
			<string>PBXGroup</string>
			<key>name</key>
			<string>Frameworks</string>
			<key>sourceTree</key>
			<string>&lt;group&gt;</string>
		</dict>
		<key>5F06DDC31CC571480011842B</key>
		<dict>
			<key>children</key>
			<array>
				<string>5F06DDBA1CC571290011842B</string>
				<string>5F06DDBB1CC571290011842B</string>
				<string>5F06DDBC1CC571290011842B</string>
			</array>
			<key>isa</key>
			<string>PBXGroup</string>
			<key>name</key>
			<string>iOS</string>
			<key>sourceTree</key>
			<string>&lt;group&gt;</string>
		</dict>
		<key>5F06DDC41CC5714F0011842B</key>
		<dict>
			<key>children</key>
			<array>
				<string>5F06DDBE1CC571290011842B</string>
				<string>5F06DDBF1CC571290011842B</string>
				<string>5F06DDC01CC571290011842B</string>
			</array>
			<key>isa</key>
			<string>PBXGroup</string>
			<key>name</key>
			<string>OSX</string>
			<key>sourceTree</key>
			<string>&lt;group&gt;</string>
		</dict>
		<key>5F06DDC81CC66B710011842B</key>
		<dict>
			<key>fileEncoding</key>
			<string>4</string>
			<key>isa</key>
			<string>PBXFileReference</string>
			<key>lastKnownFileType</key>
			<string>sourcecode.swift</string>
			<key>path</key>
			<string>Auth0.swift</string>
			<key>sourceTree</key>
			<string>&lt;group&gt;</string>
		</dict>
		<key>5F06DDC91CC66B710011842B</key>
		<dict>
			<key>fileRef</key>
			<string>5F06DDC81CC66B710011842B</string>
			<key>isa</key>
			<string>PBXBuildFile</string>
		</dict>
		<key>5F06DDCA1CC66B710011842B</key>
		<dict>
			<key>fileRef</key>
			<string>5F06DDC81CC66B710011842B</string>
			<key>isa</key>
			<string>PBXBuildFile</string>
		</dict>
		<key>5F09C6A61D07532B00727E55</key>
		<dict>
			<key>fileEncoding</key>
			<string>4</string>
			<key>isa</key>
			<string>PBXFileReference</string>
			<key>lastKnownFileType</key>
			<string>sourcecode.swift</string>
			<key>path</key>
			<string>ChallengeGeneratorSpec.swift</string>
			<key>sourceTree</key>
			<string>&lt;group&gt;</string>
		</dict>
		<key>5F1A02931CC7EEBC00D3F662</key>
		<dict>
			<key>buildActionMask</key>
			<string>2147483647</string>
			<key>dstPath</key>
			<string></string>
			<key>dstSubfolderSpec</key>
			<string>10</string>
			<key>files</key>
			<array>
				<string>5F1A02941CC7EEC900D3F662</string>
				<string>5F1A02951CC7EEC900D3F662</string>
				<string>5F1A02961CC7EEC900D3F662</string>
			</array>
			<key>isa</key>
			<string>PBXCopyFilesBuildPhase</string>
			<key>runOnlyForDeploymentPostprocessing</key>
			<string>0</string>
		</dict>
		<key>5F1A02941CC7EEC900D3F662</key>
		<dict>
			<key>fileRef</key>
			<string>5F06DDBA1CC571290011842B</string>
			<key>isa</key>
			<string>PBXBuildFile</string>
			<key>settings</key>
			<dict>
				<key>ATTRIBUTES</key>
				<array>
					<string>CodeSignOnCopy</string>
					<string>RemoveHeadersOnCopy</string>
				</array>
			</dict>
		</dict>
		<key>5F1A02951CC7EEC900D3F662</key>
		<dict>
			<key>fileRef</key>
			<string>5F06DDBB1CC571290011842B</string>
			<key>isa</key>
			<string>PBXBuildFile</string>
			<key>settings</key>
			<dict>
				<key>ATTRIBUTES</key>
				<array>
					<string>CodeSignOnCopy</string>
					<string>RemoveHeadersOnCopy</string>
				</array>
			</dict>
		</dict>
		<key>5F1A02961CC7EEC900D3F662</key>
		<dict>
			<key>fileRef</key>
			<string>5F06DDBC1CC571290011842B</string>
			<key>isa</key>
			<string>PBXBuildFile</string>
			<key>settings</key>
			<dict>
				<key>ATTRIBUTES</key>
				<array>
					<string>CodeSignOnCopy</string>
					<string>RemoveHeadersOnCopy</string>
				</array>
			</dict>
		</dict>
		<key>5F1A02971CC7EECE00D3F662</key>
		<dict>
			<key>buildActionMask</key>
			<string>2147483647</string>
			<key>dstPath</key>
			<string></string>
			<key>dstSubfolderSpec</key>
			<string>10</string>
			<key>files</key>
			<array>
				<string>5F1A02981CC7EED500D3F662</string>
				<string>5F1A02991CC7EED500D3F662</string>
				<string>5F1A029A1CC7EED500D3F662</string>
			</array>
			<key>isa</key>
			<string>PBXCopyFilesBuildPhase</string>
			<key>runOnlyForDeploymentPostprocessing</key>
			<string>0</string>
		</dict>
		<key>5F1A02981CC7EED500D3F662</key>
		<dict>
			<key>fileRef</key>
			<string>5F06DDBE1CC571290011842B</string>
			<key>isa</key>
			<string>PBXBuildFile</string>
			<key>settings</key>
			<dict>
				<key>ATTRIBUTES</key>
				<array>
					<string>CodeSignOnCopy</string>
					<string>RemoveHeadersOnCopy</string>
				</array>
			</dict>
		</dict>
		<key>5F1A02991CC7EED500D3F662</key>
		<dict>
			<key>fileRef</key>
			<string>5F06DDBF1CC571290011842B</string>
			<key>isa</key>
			<string>PBXBuildFile</string>
			<key>settings</key>
			<dict>
				<key>ATTRIBUTES</key>
				<array>
					<string>CodeSignOnCopy</string>
					<string>RemoveHeadersOnCopy</string>
				</array>
			</dict>
		</dict>
		<key>5F1A029A1CC7EED500D3F662</key>
		<dict>
			<key>fileRef</key>
			<string>5F06DDC01CC571290011842B</string>
			<key>isa</key>
			<string>PBXBuildFile</string>
			<key>settings</key>
			<dict>
				<key>ATTRIBUTES</key>
				<array>
					<string>CodeSignOnCopy</string>
					<string>RemoveHeadersOnCopy</string>
				</array>
			</dict>
		</dict>
		<key>5F2BD4031D09F7B700B5F7D2</key>
		<dict>
			<key>fileEncoding</key>
			<string>4</string>
			<key>isa</key>
			<string>PBXFileReference</string>
			<key>lastKnownFileType</key>
			<string>sourcecode.swift</string>
			<key>path</key>
			<string>_ObjectiveLogger.swift</string>
			<key>sourceTree</key>
			<string>&lt;group&gt;</string>
		</dict>
		<key>5F2BD4041D09F7B700B5F7D2</key>
		<dict>
			<key>fileRef</key>
			<string>5F2BD4031D09F7B700B5F7D2</string>
			<key>isa</key>
			<string>PBXBuildFile</string>
		</dict>
		<key>5F2BD4051D09F7B700B5F7D2</key>
		<dict>
			<key>fileRef</key>
			<string>5F2BD4031D09F7B700B5F7D2</string>
			<key>isa</key>
			<string>PBXBuildFile</string>
		</dict>
		<key>5F3965C01CF679B500CDE7C0</key>
		<dict>
			<key>children</key>
			<array>
				<string>5FCAB1771D0901BA00331C84</string>
				<string>5FCAB16F1D09001100331C84</string>
				<string>5F3965F21CF6857A00CDE7C0</string>
				<string>5F4A1F951D00AABC00C72242</string>
				<string>5F53F5CD1CFD157300476A46</string>
				<string>5FCAB1751D0900CF00331C84</string>
				<string>5F3965C11CF67CF000CDE7C0</string>
			</array>
			<key>isa</key>
			<string>PBXGroup</string>
			<key>path</key>
			<string>WebAuth</string>
			<key>sourceTree</key>
			<string>&lt;group&gt;</string>
		</dict>
		<key>5F3965C11CF67CF000CDE7C0</key>
		<dict>
			<key>fileEncoding</key>
			<string>4</string>
			<key>isa</key>
			<string>PBXFileReference</string>
			<key>lastKnownFileType</key>
			<string>sourcecode.swift</string>
			<key>path</key>
			<string>WebAuth.swift</string>
			<key>sourceTree</key>
			<string>&lt;group&gt;</string>
		</dict>
		<key>5F3965C21CF67CF000CDE7C0</key>
		<dict>
			<key>fileRef</key>
			<string>5F3965C11CF67CF000CDE7C0</string>
			<key>isa</key>
			<string>PBXBuildFile</string>
		</dict>
		<key>5F3965C31CF67DD800CDE7C0</key>
		<dict>
			<key>buildActionMask</key>
			<string>2147483647</string>
			<key>files</key>
			<array>
				<string>5F3965CC1CF67DD800CDE7C0</string>
				<string>5F3965CA1CF67DD800CDE7C0</string>
			</array>
			<key>isa</key>
			<string>PBXSourcesBuildPhase</string>
			<key>runOnlyForDeploymentPostprocessing</key>
			<string>0</string>
		</dict>
		<key>5F3965C41CF67DD800CDE7C0</key>
		<dict>
			<key>buildActionMask</key>
			<string>2147483647</string>
			<key>files</key>
			<array>
				<string>5F53F5D11CFD19A400476A46</string>
			</array>
			<key>isa</key>
			<string>PBXFrameworksBuildPhase</string>
			<key>runOnlyForDeploymentPostprocessing</key>
			<string>0</string>
		</dict>
		<key>5F3965C51CF67DD800CDE7C0</key>
		<dict>
			<key>buildActionMask</key>
			<string>2147483647</string>
			<key>files</key>
			<array>
				<string>5F3965D41CF67DD800CDE7C0</string>
				<string>5F3965D11CF67DD800CDE7C0</string>
				<string>5F3965CF1CF67DD800CDE7C0</string>
			</array>
			<key>isa</key>
			<string>PBXResourcesBuildPhase</string>
			<key>runOnlyForDeploymentPostprocessing</key>
			<string>0</string>
		</dict>
		<key>5F3965C61CF67DD800CDE7C0</key>
		<dict>
			<key>buildConfigurationList</key>
			<string>5F3965E11CF67DD800CDE7C0</string>
			<key>buildPhases</key>
			<array>
				<string>5F3965C31CF67DD800CDE7C0</string>
				<string>5F3965C41CF67DD800CDE7C0</string>
				<string>5F3965C51CF67DD800CDE7C0</string>
				<string>5F53F5CB1CFCDC2500476A46</string>
			</array>
			<key>buildRules</key>
			<array/>
			<key>dependencies</key>
			<array>
				<string>5F53F5D01CFD199700476A46</string>
			</array>
			<key>isa</key>
			<string>PBXNativeTarget</string>
			<key>name</key>
			<string>OAuth2</string>
			<key>productName</key>
			<string>OAuth2</string>
			<key>productReference</key>
			<string>5F3965C71CF67DD800CDE7C0</string>
			<key>productType</key>
			<string>com.apple.product-type.application</string>
		</dict>
		<key>5F3965C71CF67DD800CDE7C0</key>
		<dict>
			<key>explicitFileType</key>
			<string>wrapper.application</string>
			<key>includeInIndex</key>
			<string>0</string>
			<key>isa</key>
			<string>PBXFileReference</string>
			<key>path</key>
			<string>OAuth2.app</string>
			<key>sourceTree</key>
			<string>BUILT_PRODUCTS_DIR</string>
		</dict>
		<key>5F3965C81CF67DD800CDE7C0</key>
		<dict>
			<key>children</key>
			<array>
				<string>5F3965C91CF67DD800CDE7C0</string>
				<string>5F3965D01CF67DD800CDE7C0</string>
				<string>5F3965D51CF67DD800CDE7C0</string>
				<string>5F3965D21CF67DD800CDE7C0</string>
				<string>5F3965CD1CF67DD800CDE7C0</string>
				<string>5F3965CB1CF67DD800CDE7C0</string>
			</array>
			<key>isa</key>
			<string>PBXGroup</string>
			<key>name</key>
			<string>App</string>
			<key>path</key>
			<string>App</string>
			<key>sourceTree</key>
			<string>&lt;group&gt;</string>
		</dict>
		<key>5F3965C91CF67DD800CDE7C0</key>
		<dict>
			<key>isa</key>
			<string>PBXFileReference</string>
			<key>lastKnownFileType</key>
			<string>sourcecode.swift</string>
			<key>path</key>
			<string>AppDelegate.swift</string>
			<key>sourceTree</key>
			<string>&lt;group&gt;</string>
		</dict>
		<key>5F3965CA1CF67DD800CDE7C0</key>
		<dict>
			<key>fileRef</key>
			<string>5F3965C91CF67DD800CDE7C0</string>
			<key>isa</key>
			<string>PBXBuildFile</string>
		</dict>
		<key>5F3965CB1CF67DD800CDE7C0</key>
		<dict>
			<key>isa</key>
			<string>PBXFileReference</string>
			<key>lastKnownFileType</key>
			<string>sourcecode.swift</string>
			<key>path</key>
			<string>ViewController.swift</string>
			<key>sourceTree</key>
			<string>&lt;group&gt;</string>
		</dict>
		<key>5F3965CC1CF67DD800CDE7C0</key>
		<dict>
			<key>fileRef</key>
			<string>5F3965CB1CF67DD800CDE7C0</string>
			<key>isa</key>
			<string>PBXBuildFile</string>
		</dict>
		<key>5F3965CD1CF67DD800CDE7C0</key>
		<dict>
			<key>children</key>
			<array>
				<string>5F3965CE1CF67DD800CDE7C0</string>
			</array>
			<key>isa</key>
			<string>PBXVariantGroup</string>
			<key>name</key>
			<string>Main.storyboard</string>
			<key>path</key>
			<string>.</string>
			<key>sourceTree</key>
			<string>&lt;group&gt;</string>
		</dict>
		<key>5F3965CE1CF67DD800CDE7C0</key>
		<dict>
			<key>isa</key>
			<string>PBXFileReference</string>
			<key>lastKnownFileType</key>
			<string>file.storyboard</string>
			<key>name</key>
			<string>Base</string>
			<key>path</key>
			<string>Base.lproj/Main.storyboard</string>
			<key>sourceTree</key>
			<string>&lt;group&gt;</string>
		</dict>
		<key>5F3965CF1CF67DD800CDE7C0</key>
		<dict>
			<key>fileRef</key>
			<string>5F3965CD1CF67DD800CDE7C0</string>
			<key>isa</key>
			<string>PBXBuildFile</string>
		</dict>
		<key>5F3965D01CF67DD800CDE7C0</key>
		<dict>
			<key>isa</key>
			<string>PBXFileReference</string>
			<key>lastKnownFileType</key>
			<string>folder.assetcatalog</string>
			<key>path</key>
			<string>Assets.xcassets</string>
			<key>sourceTree</key>
			<string>&lt;group&gt;</string>
		</dict>
		<key>5F3965D11CF67DD800CDE7C0</key>
		<dict>
			<key>fileRef</key>
			<string>5F3965D01CF67DD800CDE7C0</string>
			<key>isa</key>
			<string>PBXBuildFile</string>
		</dict>
		<key>5F3965D21CF67DD800CDE7C0</key>
		<dict>
			<key>children</key>
			<array>
				<string>5F3965D31CF67DD800CDE7C0</string>
			</array>
			<key>isa</key>
			<string>PBXVariantGroup</string>
			<key>name</key>
			<string>LaunchScreen.storyboard</string>
			<key>path</key>
			<string>.</string>
			<key>sourceTree</key>
			<string>&lt;group&gt;</string>
		</dict>
		<key>5F3965D31CF67DD800CDE7C0</key>
		<dict>
			<key>isa</key>
			<string>PBXFileReference</string>
			<key>lastKnownFileType</key>
			<string>file.storyboard</string>
			<key>name</key>
			<string>Base</string>
			<key>path</key>
			<string>Base.lproj/LaunchScreen.storyboard</string>
			<key>sourceTree</key>
			<string>&lt;group&gt;</string>
		</dict>
		<key>5F3965D41CF67DD800CDE7C0</key>
		<dict>
			<key>fileRef</key>
			<string>5F3965D21CF67DD800CDE7C0</string>
			<key>isa</key>
			<string>PBXBuildFile</string>
		</dict>
		<key>5F3965D51CF67DD800CDE7C0</key>
		<dict>
			<key>isa</key>
			<string>PBXFileReference</string>
			<key>lastKnownFileType</key>
			<string>text.plist.xml</string>
			<key>path</key>
			<string>Info.plist</string>
			<key>sourceTree</key>
			<string>&lt;group&gt;</string>
		</dict>
		<key>5F3965E11CF67DD800CDE7C0</key>
		<dict>
			<key>buildConfigurations</key>
			<array>
				<string>5F3965E21CF67DD800CDE7C0</string>
				<string>5F3965E31CF67DD800CDE7C0</string>
			</array>
			<key>defaultConfigurationIsVisible</key>
			<string>0</string>
			<key>defaultConfigurationName</key>
			<string>Release</string>
			<key>isa</key>
			<string>XCConfigurationList</string>
		</dict>
		<key>5F3965E21CF67DD800CDE7C0</key>
		<dict>
			<key>buildSettings</key>
			<dict>
				<key>ASSETCATALOG_COMPILER_APPICON_NAME</key>
				<string>AppIcon</string>
				<key>CLANG_ANALYZER_NONNULL</key>
				<string>YES</string>
				<key>INFOPLIST_FILE</key>
				<string>App/Info.plist</string>
				<key>IPHONEOS_DEPLOYMENT_TARGET</key>
				<string>9.0</string>
				<key>LD_RUNPATH_SEARCH_PATHS</key>
				<string>$(inherited) @executable_path/Frameworks</string>
				<key>PRODUCT_BUNDLE_IDENTIFIER</key>
				<string>com.auth0.OAuth2</string>
				<key>PRODUCT_NAME</key>
				<string>$(TARGET_NAME)</string>
			</dict>
			<key>isa</key>
			<string>XCBuildConfiguration</string>
			<key>name</key>
			<string>Debug</string>
		</dict>
		<key>5F3965E31CF67DD800CDE7C0</key>
		<dict>
			<key>buildSettings</key>
			<dict>
				<key>ASSETCATALOG_COMPILER_APPICON_NAME</key>
				<string>AppIcon</string>
				<key>CLANG_ANALYZER_NONNULL</key>
				<string>YES</string>
				<key>INFOPLIST_FILE</key>
				<string>App/Info.plist</string>
				<key>IPHONEOS_DEPLOYMENT_TARGET</key>
				<string>9.0</string>
				<key>LD_RUNPATH_SEARCH_PATHS</key>
				<string>$(inherited) @executable_path/Frameworks</string>
				<key>PRODUCT_BUNDLE_IDENTIFIER</key>
				<string>com.auth0.OAuth2</string>
				<key>PRODUCT_NAME</key>
				<string>$(TARGET_NAME)</string>
			</dict>
			<key>isa</key>
			<string>XCBuildConfiguration</string>
			<key>name</key>
			<string>Release</string>
		</dict>
		<key>5F3965F01CF6845A00CDE7C0</key>
		<dict>
			<key>fileEncoding</key>
			<string>4</string>
			<key>isa</key>
			<string>PBXFileReference</string>
			<key>lastKnownFileType</key>
			<string>sourcecode.swift</string>
			<key>path</key>
			<string>ControllerModalPresenterSpec.swift</string>
			<key>sourceTree</key>
			<string>&lt;group&gt;</string>
		</dict>
		<key>5F3965F21CF6857A00CDE7C0</key>
		<dict>
			<key>fileEncoding</key>
			<string>4</string>
			<key>isa</key>
			<string>PBXFileReference</string>
			<key>lastKnownFileType</key>
			<string>sourcecode.swift</string>
			<key>path</key>
			<string>ControllerModalPresenter.swift</string>
			<key>sourceTree</key>
			<string>&lt;group&gt;</string>
		</dict>
		<key>5F3965F31CF6857A00CDE7C0</key>
		<dict>
			<key>fileRef</key>
			<string>5F3965F21CF6857A00CDE7C0</string>
			<key>isa</key>
			<string>PBXBuildFile</string>
		</dict>
		<key>5F4A1F951D00AABC00C72242</key>
		<dict>
			<key>fileEncoding</key>
			<string>4</string>
			<key>isa</key>
			<string>PBXFileReference</string>
			<key>lastKnownFileType</key>
			<string>sourcecode.swift</string>
			<key>path</key>
			<string>OAuth2Grant.swift</string>
			<key>sourceTree</key>
			<string>&lt;group&gt;</string>
		</dict>
		<key>5F4A1F961D00AABC00C72242</key>
		<dict>
			<key>fileRef</key>
			<string>5F4A1F951D00AABC00C72242</string>
			<key>isa</key>
			<string>PBXBuildFile</string>
		</dict>
		<key>5F4A1F971D00AEDF00C72242</key>
		<dict>
			<key>fileEncoding</key>
			<string>4</string>
			<key>isa</key>
			<string>PBXFileReference</string>
			<key>lastKnownFileType</key>
			<string>sourcecode.swift</string>
			<key>path</key>
			<string>OAuth2GrantSpec.swift</string>
			<key>sourceTree</key>
			<string>&lt;group&gt;</string>
		</dict>
		<key>5F53F5CB1CFCDC2500476A46</key>
		<dict>
			<key>buildActionMask</key>
			<string>2147483647</string>
			<key>files</key>
			<array/>
			<key>inputPaths</key>
			<array/>
			<key>isa</key>
			<string>PBXShellScriptBuildPhase</string>
			<key>name</key>
			<string>Auth0</string>
			<key>outputPaths</key>
			<array/>
			<key>runOnlyForDeploymentPostprocessing</key>
			<string>0</string>
			<key>shellPath</key>
			<string>/bin/sh</string>
			<key>shellScript</key>
			<string>AUTH0_PLIST="${SRCROOT}/Auth0.plist"
if [ -f $AUTH0_PLIST ];
then
cp "$AUTH0_PLIST" "${BUILT_PRODUCTS_DIR}/${PRODUCT_NAME}.app"
fi</string>
		</dict>
		<key>5F53F5CD1CFD157300476A46</key>
		<dict>
			<key>fileEncoding</key>
			<string>4</string>
			<key>isa</key>
			<string>PBXFileReference</string>
			<key>lastKnownFileType</key>
			<string>sourcecode.swift</string>
			<key>path</key>
			<string>OAuth2Session.swift</string>
			<key>sourceTree</key>
			<string>&lt;group&gt;</string>
		</dict>
		<key>5F53F5CE1CFD157300476A46</key>
		<dict>
			<key>fileRef</key>
			<string>5F53F5CD1CFD157300476A46</string>
			<key>isa</key>
			<string>PBXBuildFile</string>
		</dict>
		<key>5F53F5CF1CFD199700476A46</key>
		<dict>
			<key>containerPortal</key>
			<string>5F049B601CB42C29006F6C05</string>
			<key>isa</key>
			<string>PBXContainerItemProxy</string>
			<key>proxyType</key>
			<string>1</string>
			<key>remoteGlobalIDString</key>
			<string>5F06DD771CC448B10011842B</string>
			<key>remoteInfo</key>
			<string>Auth0.iOS</string>
		</dict>
		<key>5F53F5D01CFD199700476A46</key>
		<dict>
			<key>isa</key>
			<string>PBXTargetDependency</string>
			<key>target</key>
			<string>5F06DD771CC448B10011842B</string>
			<key>targetProxy</key>
			<string>5F53F5CF1CFD199700476A46</string>
		</dict>
		<key>5F53F5D11CFD19A400476A46</key>
		<dict>
			<key>fileRef</key>
			<string>5F06DD781CC448B10011842B</string>
			<key>isa</key>
			<string>PBXBuildFile</string>
		</dict>
		<key>5F53F5D21CFD474600476A46</key>
		<dict>
			<key>fileEncoding</key>
			<string>4</string>
			<key>isa</key>
			<string>PBXFileReference</string>
			<key>lastKnownFileType</key>
			<string>sourcecode.swift</string>
			<key>path</key>
			<string>OAuth2SessionSpec.swift</string>
			<key>sourceTree</key>
			<string>&lt;group&gt;</string>
		</dict>
		<key>5F53F5D61CFFAA4A00476A46</key>
		<dict>
			<key>fileEncoding</key>
			<string>4</string>
			<key>isa</key>
			<string>PBXFileReference</string>
			<key>lastKnownFileType</key>
			<string>sourcecode.swift</string>
			<key>path</key>
			<string>WebAuthSpec.swift</string>
			<key>sourceTree</key>
			<string>&lt;group&gt;</string>
		</dict>
		<key>5F6FAC611D09E92800D5B4EA</key>
		<dict>
			<key>children</key>
			<array>
				<string>5F6FAC621D09E98000D5B4EA</string>
				<string>5F2BD4031D09F7B700B5F7D2</string>
			</array>
			<key>isa</key>
			<string>PBXGroup</string>
			<key>path</key>
			<string>Logger</string>
			<key>sourceTree</key>
			<string>&lt;group&gt;</string>
		</dict>
		<key>5F6FAC621D09E98000D5B4EA</key>
		<dict>
			<key>fileEncoding</key>
			<string>4</string>
			<key>isa</key>
			<string>PBXFileReference</string>
			<key>lastKnownFileType</key>
			<string>sourcecode.swift</string>
			<key>path</key>
			<string>Logger.swift</string>
			<key>sourceTree</key>
			<string>&lt;group&gt;</string>
		</dict>
		<key>5F6FAC631D09E98000D5B4EA</key>
		<dict>
			<key>fileRef</key>
			<string>5F6FAC621D09E98000D5B4EA</string>
			<key>isa</key>
			<string>PBXBuildFile</string>
		</dict>
		<key>5F6FAC641D09E98000D5B4EA</key>
		<dict>
			<key>fileRef</key>
			<string>5F6FAC621D09E98000D5B4EA</string>
			<key>isa</key>
			<string>PBXBuildFile</string>
		</dict>
		<key>5F74CB3C1CEE8E9100226823</key>
		<dict>
			<key>fileEncoding</key>
			<string>4</string>
			<key>isa</key>
			<string>PBXFileReference</string>
			<key>lastKnownFileType</key>
			<string>sourcecode.swift</string>
			<key>path</key>
			<string>UserIdentity.swift</string>
			<key>sourceTree</key>
			<string>&lt;group&gt;</string>
		</dict>
		<key>5F74CB3D1CEE8E9100226823</key>
		<dict>
			<key>fileRef</key>
			<string>5F74CB3C1CEE8E9100226823</string>
			<key>isa</key>
			<string>PBXBuildFile</string>
		</dict>
		<key>5F74CB3E1CEE8E9100226823</key>
		<dict>
			<key>fileRef</key>
			<string>5F74CB3C1CEE8E9100226823</string>
			<key>isa</key>
			<string>PBXBuildFile</string>
		</dict>
		<key>5F74CB3F1CEFD5E600226823</key>
		<dict>
			<key>fileEncoding</key>
			<string>4</string>
			<key>isa</key>
			<string>PBXFileReference</string>
			<key>lastKnownFileType</key>
			<string>sourcecode.swift</string>
			<key>path</key>
			<string>JSONObjectPayload.swift</string>
			<key>sourceTree</key>
			<string>&lt;group&gt;</string>
		</dict>
		<key>5F74CB401CEFD5E600226823</key>
		<dict>
			<key>fileRef</key>
			<string>5F74CB3F1CEFD5E600226823</string>
			<key>isa</key>
			<string>PBXBuildFile</string>
		</dict>
		<key>5F74CB411CEFD5E600226823</key>
		<dict>
			<key>fileRef</key>
			<string>5F74CB3F1CEFD5E600226823</string>
			<key>isa</key>
			<string>PBXBuildFile</string>
		</dict>
		<key>5F74CB421CEFDFB800226823</key>
		<dict>
			<key>fileEncoding</key>
			<string>4</string>
			<key>isa</key>
			<string>PBXFileReference</string>
			<key>lastKnownFileType</key>
			<string>sourcecode.swift</string>
			<key>path</key>
			<string>UserIdentitySpec.swift</string>
			<key>sourceTree</key>
			<string>&lt;group&gt;</string>
		</dict>
		<key>5F74CB431CEFDFB800226823</key>
		<dict>
			<key>fileRef</key>
			<string>5F74CB421CEFDFB800226823</string>
			<key>isa</key>
			<string>PBXBuildFile</string>
		</dict>
		<key>5F74CB441CEFDFB800226823</key>
		<dict>
			<key>fileRef</key>
			<string>5F74CB421CEFDFB800226823</string>
			<key>isa</key>
			<string>PBXBuildFile</string>
		</dict>
		<key>5F7989501CF13A20009E8A10</key>
		<dict>
			<key>fileEncoding</key>
			<string>4</string>
			<key>isa</key>
			<string>PBXFileReference</string>
			<key>lastKnownFileType</key>
			<string>sourcecode.swift</string>
			<key>path</key>
			<string>_ObjectiveAuthenticationAPI.swift</string>
			<key>sourceTree</key>
			<string>&lt;group&gt;</string>
		</dict>
		<key>5F7989511CF13A20009E8A10</key>
		<dict>
			<key>fileRef</key>
			<string>5F7989501CF13A20009E8A10</string>
			<key>isa</key>
			<string>PBXBuildFile</string>
		</dict>
		<key>5F7989521CF13A20009E8A10</key>
		<dict>
			<key>fileRef</key>
			<string>5F7989501CF13A20009E8A10</string>
			<key>isa</key>
			<string>PBXBuildFile</string>
		</dict>
		<key>5F93BC021CC6AC920031519F</key>
		<dict>
			<key>fileRef</key>
			<string>5F06DDBA1CC571290011842B</string>
			<key>isa</key>
			<string>PBXBuildFile</string>
		</dict>
		<key>5F93BC031CC6AC920031519F</key>
		<dict>
			<key>fileRef</key>
			<string>5F06DDBC1CC571290011842B</string>
			<key>isa</key>
			<string>PBXBuildFile</string>
		</dict>
		<key>5F93BC041CC6AC980031519F</key>
		<dict>
			<key>fileRef</key>
			<string>5F06DDBB1CC571290011842B</string>
			<key>isa</key>
			<string>PBXBuildFile</string>
		</dict>
		<key>5F93BC061CC6ACA40031519F</key>
		<dict>
			<key>fileRef</key>
			<string>5F06DDBE1CC571290011842B</string>
			<key>isa</key>
			<string>PBXBuildFile</string>
		</dict>
		<key>5F93BC071CC6ACA40031519F</key>
		<dict>
			<key>fileRef</key>
			<string>5F06DDBF1CC571290011842B</string>
			<key>isa</key>
			<string>PBXBuildFile</string>
		</dict>
		<key>5F93BC081CC6ACA40031519F</key>
		<dict>
			<key>fileRef</key>
			<string>5F06DDC01CC571290011842B</string>
			<key>isa</key>
			<string>PBXBuildFile</string>
		</dict>
		<key>5F93BC0A1CC6B0DE0031519F</key>
		<dict>
			<key>fileEncoding</key>
			<string>4</string>
			<key>isa</key>
			<string>PBXFileReference</string>
			<key>lastKnownFileType</key>
			<string>sourcecode.swift</string>
			<key>path</key>
			<string>Auth0Spec.swift</string>
			<key>sourceTree</key>
			<string>&lt;group&gt;</string>
		</dict>
		<key>5F93BC0B1CC6B0DE0031519F</key>
		<dict>
			<key>fileRef</key>
			<string>5F93BC0A1CC6B0DE0031519F</string>
			<key>isa</key>
			<string>PBXBuildFile</string>
		</dict>
		<key>5F93BC0C1CC6B0DE0031519F</key>
		<dict>
			<key>fileRef</key>
			<string>5F93BC0A1CC6B0DE0031519F</string>
			<key>isa</key>
			<string>PBXBuildFile</string>
		</dict>
		<key>5FADB6011CEC0C1600D4BB50</key>
		<dict>
			<key>children</key>
			<array>
				<string>5FADB6081CED500900D4BB50</string>
				<string>5FADB60E1CED7E5200D4BB50</string>
				<string>5FADB6021CEC0C3300D4BB50</string>
			</array>
			<key>isa</key>
			<string>PBXGroup</string>
			<key>path</key>
			<string>Management</string>
			<key>sourceTree</key>
			<string>&lt;group&gt;</string>
		</dict>
		<key>5FADB6021CEC0C3300D4BB50</key>
		<dict>
			<key>fileEncoding</key>
			<string>4</string>
			<key>isa</key>
			<string>PBXFileReference</string>
			<key>lastKnownFileType</key>
			<string>sourcecode.swift</string>
			<key>path</key>
			<string>UsersSpec.swift</string>
			<key>sourceTree</key>
			<string>&lt;group&gt;</string>
		</dict>
		<key>5FADB6031CEC0C3300D4BB50</key>
		<dict>
			<key>fileRef</key>
			<string>5FADB6021CEC0C3300D4BB50</string>
			<key>isa</key>
			<string>PBXBuildFile</string>
		</dict>
		<key>5FADB6041CEC0C3300D4BB50</key>
		<dict>
			<key>fileRef</key>
			<string>5FADB6021CEC0C3300D4BB50</string>
			<key>isa</key>
			<string>PBXBuildFile</string>
		</dict>
		<key>5FADB6051CED27FB00D4BB50</key>
		<dict>
			<key>fileEncoding</key>
			<string>4</string>
			<key>isa</key>
			<string>PBXFileReference</string>
			<key>lastKnownFileType</key>
			<string>sourcecode.swift</string>
			<key>path</key>
			<string>Users.swift</string>
			<key>sourceTree</key>
			<string>&lt;group&gt;</string>
		</dict>
		<key>5FADB6061CED27FB00D4BB50</key>
		<dict>
			<key>fileRef</key>
			<string>5FADB6051CED27FB00D4BB50</string>
			<key>isa</key>
			<string>PBXBuildFile</string>
		</dict>
		<key>5FADB6071CED27FB00D4BB50</key>
		<dict>
			<key>fileRef</key>
			<string>5FADB6051CED27FB00D4BB50</string>
			<key>isa</key>
			<string>PBXBuildFile</string>
		</dict>
		<key>5FADB6081CED500900D4BB50</key>
		<dict>
			<key>fileEncoding</key>
			<string>4</string>
			<key>isa</key>
			<string>PBXFileReference</string>
			<key>lastKnownFileType</key>
			<string>sourcecode.swift</string>
			<key>path</key>
			<string>ManagementSpec.swift</string>
			<key>sourceTree</key>
			<string>&lt;group&gt;</string>
		</dict>
		<key>5FADB6091CED500900D4BB50</key>
		<dict>
			<key>fileRef</key>
			<string>5FADB6081CED500900D4BB50</string>
			<key>isa</key>
			<string>PBXBuildFile</string>
		</dict>
		<key>5FADB60A1CED500900D4BB50</key>
		<dict>
			<key>fileRef</key>
			<string>5FADB6081CED500900D4BB50</string>
			<key>isa</key>
			<string>PBXBuildFile</string>
		</dict>
		<key>5FADB60B1CED7E0800D4BB50</key>
		<dict>
			<key>fileEncoding</key>
			<string>4</string>
			<key>isa</key>
			<string>PBXFileReference</string>
			<key>lastKnownFileType</key>
			<string>sourcecode.swift</string>
			<key>path</key>
			<string>UserPatchAttributes.swift</string>
			<key>sourceTree</key>
			<string>&lt;group&gt;</string>
		</dict>
		<key>5FADB60C1CED7E0800D4BB50</key>
		<dict>
			<key>fileRef</key>
			<string>5FADB60B1CED7E0800D4BB50</string>
			<key>isa</key>
			<string>PBXBuildFile</string>
		</dict>
		<key>5FADB60D1CED7E0800D4BB50</key>
		<dict>
			<key>fileRef</key>
			<string>5FADB60B1CED7E0800D4BB50</string>
			<key>isa</key>
			<string>PBXBuildFile</string>
		</dict>
		<key>5FADB60E1CED7E5200D4BB50</key>
		<dict>
			<key>fileEncoding</key>
			<string>4</string>
			<key>isa</key>
			<string>PBXFileReference</string>
			<key>lastKnownFileType</key>
			<string>sourcecode.swift</string>
			<key>path</key>
			<string>UserPatchAttributesSpec.swift</string>
			<key>sourceTree</key>
			<string>&lt;group&gt;</string>
		</dict>
		<key>5FADB60F1CED7E5200D4BB50</key>
		<dict>
			<key>fileRef</key>
			<string>5FADB60E1CED7E5200D4BB50</string>
			<key>isa</key>
			<string>PBXBuildFile</string>
		</dict>
		<key>5FADB6101CED7E5200D4BB50</key>
		<dict>
			<key>fileRef</key>
			<string>5FADB60E1CED7E5200D4BB50</string>
			<key>isa</key>
			<string>PBXBuildFile</string>
		</dict>
		<key>5FBBF0331CC95FA40024D2AF</key>
		<dict>
			<key>children</key>
			<array>
				<string>5FBBF0371CC964BC0024D2AF</string>
				<string>5FBBF03A1CC96AA70024D2AF</string>
			</array>
			<key>isa</key>
			<string>PBXGroup</string>
			<key>path</key>
			<string>Utils</string>
			<key>sourceTree</key>
			<string>&lt;group&gt;</string>
		</dict>
		<key>5FBBF0371CC964BC0024D2AF</key>
		<dict>
			<key>fileEncoding</key>
			<string>4</string>
			<key>isa</key>
			<string>PBXFileReference</string>
			<key>lastKnownFileType</key>
			<string>sourcecode.swift</string>
			<key>path</key>
			<string>Matchers.swift</string>
			<key>sourceTree</key>
			<string>&lt;group&gt;</string>
		</dict>
		<key>5FBBF0381CC964BC0024D2AF</key>
		<dict>
			<key>fileRef</key>
			<string>5FBBF0371CC964BC0024D2AF</string>
			<key>isa</key>
			<string>PBXBuildFile</string>
		</dict>
		<key>5FBBF0391CC964BC0024D2AF</key>
		<dict>
			<key>fileRef</key>
			<string>5FBBF0371CC964BC0024D2AF</string>
			<key>isa</key>
			<string>PBXBuildFile</string>
		</dict>
		<key>5FBBF03A1CC96AA70024D2AF</key>
		<dict>
			<key>fileEncoding</key>
			<string>4</string>
			<key>isa</key>
			<string>PBXFileReference</string>
			<key>lastKnownFileType</key>
			<string>sourcecode.swift</string>
			<key>path</key>
			<string>Responses.swift</string>
			<key>sourceTree</key>
			<string>&lt;group&gt;</string>
		</dict>
		<key>5FBBF03B1CC96AA70024D2AF</key>
		<dict>
			<key>fileRef</key>
			<string>5FBBF03A1CC96AA70024D2AF</string>
			<key>isa</key>
			<string>PBXBuildFile</string>
		</dict>
		<key>5FBBF03C1CC96AA70024D2AF</key>
		<dict>
			<key>fileRef</key>
			<string>5FBBF03A1CC96AA70024D2AF</string>
			<key>isa</key>
			<string>PBXBuildFile</string>
		</dict>
		<key>5FBBF03D1CCA8FC20024D2AF</key>
		<dict>
			<key>children</key>
			<array>
				<string>5FCCC3131CF4DB1300901E2E</string>
				<string>5FBBF03E1CCA8FF40024D2AF</string>
				<string>5FBBF0451CCA99E90024D2AF</string>
				<string>5FE2F8B41CCEB1C0003628F4</string>
				<string>5F74CB3C1CEE8E9100226823</string>
				<string>5FE2F8C21CD1498E003628F4</string>
			</array>
			<key>isa</key>
			<string>PBXGroup</string>
			<key>path</key>
			<string>Authentication</string>
			<key>sourceTree</key>
			<string>&lt;group&gt;</string>
		</dict>
		<key>5FBBF03E1CCA8FF40024D2AF</key>
		<dict>
			<key>fileEncoding</key>
			<string>4</string>
			<key>isa</key>
			<string>PBXFileReference</string>
			<key>lastKnownFileType</key>
			<string>sourcecode.swift</string>
			<key>path</key>
			<string>Authentication.swift</string>
			<key>sourceTree</key>
			<string>&lt;group&gt;</string>
		</dict>
		<key>5FBBF03F1CCA8FF40024D2AF</key>
		<dict>
			<key>fileRef</key>
			<string>5FBBF03E1CCA8FF40024D2AF</string>
			<key>isa</key>
			<string>PBXBuildFile</string>
		</dict>
		<key>5FBBF0401CCA8FF40024D2AF</key>
		<dict>
			<key>fileRef</key>
			<string>5FBBF03E1CCA8FF40024D2AF</string>
			<key>isa</key>
			<string>PBXBuildFile</string>
		</dict>
		<key>5FBBF0411CCA901B0024D2AF</key>
		<dict>
			<key>children</key>
			<array>
				<string>5FBBF0421CCA90300024D2AF</string>
				<string>5FE2F8A51CCA9C17003628F4</string>
				<string>5F74CB421CEFDFB800226823</string>
				<string>5FE2F8C51CD1522F003628F4</string>
			</array>
			<key>isa</key>
			<string>PBXGroup</string>
			<key>path</key>
			<string>Authentication</string>
			<key>sourceTree</key>
			<string>&lt;group&gt;</string>
		</dict>
		<key>5FBBF0421CCA90300024D2AF</key>
		<dict>
			<key>fileEncoding</key>
			<string>4</string>
			<key>isa</key>
			<string>PBXFileReference</string>
			<key>lastKnownFileType</key>
			<string>sourcecode.swift</string>
			<key>path</key>
			<string>AuthenticationSpec.swift</string>
			<key>sourceTree</key>
			<string>&lt;group&gt;</string>
		</dict>
		<key>5FBBF0431CCA90300024D2AF</key>
		<dict>
			<key>fileRef</key>
			<string>5FBBF0421CCA90300024D2AF</string>
			<key>isa</key>
			<string>PBXBuildFile</string>
		</dict>
		<key>5FBBF0441CCA90300024D2AF</key>
		<dict>
			<key>fileRef</key>
			<string>5FBBF0421CCA90300024D2AF</string>
			<key>isa</key>
			<string>PBXBuildFile</string>
		</dict>
		<key>5FBBF0451CCA99E90024D2AF</key>
		<dict>
			<key>fileEncoding</key>
			<string>4</string>
			<key>isa</key>
			<string>PBXFileReference</string>
			<key>lastKnownFileType</key>
			<string>sourcecode.swift</string>
			<key>path</key>
			<string>Credentials.swift</string>
			<key>sourceTree</key>
			<string>&lt;group&gt;</string>
		</dict>
		<key>5FBBF0461CCA99E90024D2AF</key>
		<dict>
			<key>fileRef</key>
			<string>5FBBF0451CCA99E90024D2AF</string>
			<key>isa</key>
			<string>PBXBuildFile</string>
		</dict>
		<key>5FBBF0471CCA99E90024D2AF</key>
		<dict>
			<key>fileRef</key>
			<string>5FBBF0451CCA99E90024D2AF</string>
			<key>isa</key>
			<string>PBXBuildFile</string>
		</dict>
		<key>5FBEF3DB1D079F2100D90941</key>
		<dict>
			<key>fileEncoding</key>
			<string>4</string>
			<key>isa</key>
			<string>PBXFileReference</string>
			<key>lastKnownFileType</key>
			<string>sourcecode.swift</string>
			<key>path</key>
			<string>_ObjectiveWebAuth.swift</string>
			<key>sourceTree</key>
			<string>&lt;group&gt;</string>
		</dict>
		<key>5FBEF3DC1D079F2100D90941</key>
		<dict>
			<key>fileRef</key>
			<string>5FBEF3DB1D079F2100D90941</string>
			<key>isa</key>
			<string>PBXBuildFile</string>
		</dict>
		<key>5FBEF3DD1D07A4B700D90941</key>
		<dict>
			<key>fileEncoding</key>
			<string>4</string>
			<key>isa</key>
			<string>PBXFileReference</string>
			<key>lastKnownFileType</key>
			<string>sourcecode.c.objc</string>
			<key>path</key>
			<string>A0WebAuthSpec.m</string>
			<key>sourceTree</key>
			<string>&lt;group&gt;</string>
		</dict>
		<key>5FC34AF51D0101BF000F28F5</key>
		<dict>
			<key>fileEncoding</key>
			<string>4</string>
			<key>isa</key>
			<string>PBXFileReference</string>
			<key>lastKnownFileType</key>
			<string>sourcecode.c.h</string>
			<key>path</key>
			<string>A0ChallengeGenerator.h</string>
			<key>sourceTree</key>
			<string>&lt;group&gt;</string>
		</dict>
		<key>5FC34AF61D0101BF000F28F5</key>
		<dict>
			<key>fileEncoding</key>
			<string>4</string>
			<key>isa</key>
			<string>PBXFileReference</string>
			<key>lastKnownFileType</key>
			<string>sourcecode.c.objc</string>
			<key>path</key>
			<string>A0ChallengeGenerator.m</string>
			<key>sourceTree</key>
			<string>&lt;group&gt;</string>
		</dict>
		<key>5FC34AF71D0101BF000F28F5</key>
		<dict>
			<key>fileRef</key>
			<string>5FC34AF51D0101BF000F28F5</string>
			<key>isa</key>
			<string>PBXBuildFile</string>
			<key>settings</key>
			<dict>
				<key>ATTRIBUTES</key>
				<array>
					<string>Public</string>
				</array>
			</dict>
		</dict>
		<key>5FC34AF81D0101BF000F28F5</key>
		<dict>
			<key>fileRef</key>
			<string>5FC34AF61D0101BF000F28F5</string>
			<key>isa</key>
			<string>PBXBuildFile</string>
		</dict>
		<key>5FC34AFA1D010554000F28F5</key>
		<dict>
			<key>fileRef</key>
			<string>5F049B6C1CB42C29006F6C05</string>
			<key>isa</key>
			<string>PBXBuildFile</string>
			<key>settings</key>
			<dict>
				<key>ATTRIBUTES</key>
				<array>
					<string>Public</string>
				</array>
			</dict>
		</dict>
		<key>5FCAB1641D07ABC000331C84</key>
		<dict>
			<key>containerPortal</key>
			<string>5F049B601CB42C29006F6C05</string>
			<key>isa</key>
			<string>PBXContainerItemProxy</string>
			<key>proxyType</key>
			<string>1</string>
			<key>remoteGlobalIDString</key>
			<string>5F3965C61CF67DD800CDE7C0</string>
			<key>remoteInfo</key>
			<string>OAuth2</string>
		</dict>
		<key>5FCAB1651D07ABC000331C84</key>
		<dict>
			<key>isa</key>
			<string>PBXTargetDependency</string>
			<key>target</key>
			<string>5F3965C61CF67DD800CDE7C0</string>
			<key>targetProxy</key>
			<string>5FCAB1641D07ABC000331C84</string>
		</dict>
		<key>5FCAB1661D07ABEA00331C84</key>
		<dict>
			<key>children</key>
			<array>
				<string>5F09C6A61D07532B00727E55</string>
				<string>5F3965F01CF6845A00CDE7C0</string>
				<string>5F4A1F971D00AEDF00C72242</string>
				<string>5F53F5D21CFD474600476A46</string>
				<string>5F53F5D61CFFAA4A00476A46</string>
			</array>
			<key>isa</key>
			<string>PBXGroup</string>
			<key>path</key>
			<string>OAuth2</string>
			<key>sourceTree</key>
			<string>&lt;group&gt;</string>
		</dict>
		<key>5FCAB1681D07AC2700331C84</key>
		<dict>
			<key>fileRef</key>
			<string>5F3965F01CF6845A00CDE7C0</string>
			<key>isa</key>
			<string>PBXBuildFile</string>
		</dict>
		<key>5FCAB1691D07AC3500331C84</key>
		<dict>
			<key>fileRef</key>
			<string>5FBEF3DD1D07A4B700D90941</string>
			<key>isa</key>
			<string>PBXBuildFile</string>
		</dict>
		<key>5FCAB16A1D07AC3500331C84</key>
		<dict>
			<key>fileRef</key>
			<string>5F09C6A61D07532B00727E55</string>
			<key>isa</key>
			<string>PBXBuildFile</string>
		</dict>
		<key>5FCAB16B1D07AC3500331C84</key>
		<dict>
			<key>fileRef</key>
			<string>5F4A1F971D00AEDF00C72242</string>
			<key>isa</key>
			<string>PBXBuildFile</string>
		</dict>
		<key>5FCAB16C1D07AC3500331C84</key>
		<dict>
			<key>fileRef</key>
			<string>5F53F5D21CFD474600476A46</string>
			<key>isa</key>
			<string>PBXBuildFile</string>
		</dict>
		<key>5FCAB16D1D07AC3500331C84</key>
		<dict>
			<key>fileRef</key>
			<string>5F53F5D61CFFAA4A00476A46</string>
			<key>isa</key>
			<string>PBXBuildFile</string>
		</dict>
		<key>5FCAB16E1D08FFE900331C84</key>
		<dict>
			<key>children</key>
			<array>
				<string>5FCAB1721D09009600331C84</string>
				<string>5FCAB1781D09124D00331C84</string>
				<string>5FCAB1701D09005A00331C84</string>
			</array>
			<key>isa</key>
			<string>PBXGroup</string>
			<key>path</key>
			<string>Extensions</string>
			<key>sourceTree</key>
			<string>&lt;group&gt;</string>
		</dict>
		<key>5FCAB16F1D09001100331C84</key>
		<dict>
			<key>children</key>
			<array>
				<string>5FC34AF51D0101BF000F28F5</string>
				<string>5FC34AF61D0101BF000F28F5</string>
			</array>
			<key>isa</key>
			<string>PBXGroup</string>
			<key>path</key>
			<string>PKCE</string>
			<key>sourceTree</key>
			<string>&lt;group&gt;</string>
		</dict>
		<key>5FCAB1701D09005A00331C84</key>
		<dict>
			<key>fileEncoding</key>
			<string>4</string>
			<key>isa</key>
			<string>PBXFileReference</string>
			<key>lastKnownFileType</key>
			<string>sourcecode.swift</string>
			<key>path</key>
			<string>NSURLComponents+OAuth2.swift</string>
			<key>sourceTree</key>
			<string>&lt;group&gt;</string>
		</dict>
		<key>5FCAB1711D09005A00331C84</key>
		<dict>
			<key>fileRef</key>
			<string>5FCAB1701D09005A00331C84</string>
			<key>isa</key>
			<string>PBXBuildFile</string>
		</dict>
		<key>5FCAB1721D09009600331C84</key>
		<dict>
			<key>fileEncoding</key>
			<string>4</string>
			<key>isa</key>
			<string>PBXFileReference</string>
			<key>lastKnownFileType</key>
			<string>sourcecode.swift</string>
			<key>path</key>
			<string>NSData+URLSafe.swift</string>
			<key>sourceTree</key>
			<string>&lt;group&gt;</string>
		</dict>
		<key>5FCAB1731D09009600331C84</key>
		<dict>
			<key>fileRef</key>
			<string>5FCAB1721D09009600331C84</string>
			<key>isa</key>
			<string>PBXBuildFile</string>
		</dict>
		<key>5FCAB1741D09009600331C84</key>
		<dict>
			<key>fileRef</key>
			<string>5FCAB1721D09009600331C84</string>
			<key>isa</key>
			<string>PBXBuildFile</string>
		</dict>
		<key>5FCAB1751D0900CF00331C84</key>
		<dict>
			<key>fileEncoding</key>
			<string>4</string>
			<key>isa</key>
			<string>PBXFileReference</string>
			<key>lastKnownFileType</key>
			<string>sourcecode.swift</string>
			<key>path</key>
			<string>SessionStorage.swift</string>
			<key>sourceTree</key>
			<string>&lt;group&gt;</string>
		</dict>
		<key>5FCAB1761D0900CF00331C84</key>
		<dict>
			<key>fileRef</key>
			<string>5FCAB1751D0900CF00331C84</string>
			<key>isa</key>
			<string>PBXBuildFile</string>
		</dict>
		<key>5FCAB1771D0901BA00331C84</key>
		<dict>
			<key>children</key>
			<array>
				<string>5FBEF3DB1D079F2100D90941</string>
			</array>
			<key>isa</key>
			<string>PBXGroup</string>
			<key>path</key>
			<string>ObjectiveC</string>
			<key>sourceTree</key>
			<string>&lt;group&gt;</string>
		</dict>
		<key>5FCAB1781D09124D00331C84</key>
		<dict>
			<key>fileEncoding</key>
			<string>4</string>
			<key>isa</key>
			<string>PBXFileReference</string>
			<key>lastKnownFileType</key>
			<string>sourcecode.swift</string>
			<key>path</key>
			<string>NSURL+Auth0.swift</string>
			<key>sourceTree</key>
			<string>&lt;group&gt;</string>
		</dict>
		<key>5FCAB1791D09124D00331C84</key>
		<dict>
			<key>fileRef</key>
			<string>5FCAB1781D09124D00331C84</string>
			<key>isa</key>
			<string>PBXBuildFile</string>
		</dict>
		<key>5FCAB17A1D09124D00331C84</key>
		<dict>
			<key>fileRef</key>
			<string>5FCAB1781D09124D00331C84</string>
			<key>isa</key>
			<string>PBXBuildFile</string>
		</dict>
		<key>5FCCC30F1CF4D4D000901E2E</key>
		<dict>
			<key>children</key>
			<array>
				<string>5FBEF3DD1D07A4B700D90941</string>
				<string>5FCCC3101CF4D4FF00901E2E</string>
			</array>
			<key>isa</key>
			<string>PBXGroup</string>
			<key>path</key>
			<string>ObjectiveC</string>
			<key>sourceTree</key>
			<string>&lt;group&gt;</string>
		</dict>
		<key>5FCCC3101CF4D4FF00901E2E</key>
		<dict>
			<key>fileEncoding</key>
			<string>4</string>
			<key>isa</key>
			<string>PBXFileReference</string>
			<key>lastKnownFileType</key>
			<string>sourcecode.c.objc</string>
			<key>path</key>
			<string>AuthenticationAPISpec.m</string>
			<key>sourceTree</key>
			<string>&lt;group&gt;</string>
		</dict>
		<key>5FCCC3111CF4D4FF00901E2E</key>
		<dict>
			<key>fileRef</key>
			<string>5FCCC3101CF4D4FF00901E2E</string>
			<key>isa</key>
			<string>PBXBuildFile</string>
		</dict>
		<key>5FCCC3121CF4D4FF00901E2E</key>
		<dict>
			<key>fileRef</key>
			<string>5FCCC3101CF4D4FF00901E2E</string>
			<key>isa</key>
			<string>PBXBuildFile</string>
		</dict>
		<key>5FCCC3131CF4DB1300901E2E</key>
		<dict>
			<key>children</key>
			<array>
				<string>5FCCC3141CF4DB4400901E2E</string>
				<string>5F7989501CF13A20009E8A10</string>
			</array>
			<key>isa</key>
			<string>PBXGroup</string>
			<key>path</key>
			<string>ObjectiveC</string>
			<key>sourceTree</key>
			<string>&lt;group&gt;</string>
		</dict>
		<key>5FCCC3141CF4DB4400901E2E</key>
		<dict>
			<key>fileEncoding</key>
			<string>4</string>
			<key>isa</key>
			<string>PBXFileReference</string>
			<key>lastKnownFileType</key>
			<string>sourcecode.swift</string>
			<key>path</key>
			<string>NSError+Authentication.swift</string>
			<key>sourceTree</key>
			<string>&lt;group&gt;</string>
		</dict>
		<key>5FCCC3151CF4DB4400901E2E</key>
		<dict>
			<key>fileRef</key>
			<string>5FCCC3141CF4DB4400901E2E</string>
			<key>isa</key>
			<string>PBXBuildFile</string>
		</dict>
		<key>5FCCC3161CF4DB4400901E2E</key>
		<dict>
			<key>fileRef</key>
			<string>5FCCC3141CF4DB4400901E2E</string>
			<key>isa</key>
			<string>PBXBuildFile</string>
		</dict>
		<key>5FCCC3171CF51B9D00901E2E</key>
		<dict>
			<key>children</key>
			<array>
				<string>5FCCC3181CF51BBD00901E2E</string>
				<string>5FCCC31B1CF51DF300901E2E</string>
			</array>
			<key>isa</key>
			<string>PBXGroup</string>
			<key>path</key>
			<string>ObjectiveC</string>
			<key>sourceTree</key>
			<string>&lt;group&gt;</string>
		</dict>
		<key>5FCCC3181CF51BBD00901E2E</key>
		<dict>
			<key>fileEncoding</key>
			<string>4</string>
			<key>isa</key>
			<string>PBXFileReference</string>
			<key>lastKnownFileType</key>
			<string>sourcecode.swift</string>
			<key>path</key>
			<string>NSError+Management.swift</string>
			<key>sourceTree</key>
			<string>&lt;group&gt;</string>
		</dict>
		<key>5FCCC3191CF51BBD00901E2E</key>
		<dict>
			<key>fileRef</key>
			<string>5FCCC3181CF51BBD00901E2E</string>
			<key>isa</key>
			<string>PBXBuildFile</string>
		</dict>
		<key>5FCCC31A1CF51BBD00901E2E</key>
		<dict>
			<key>fileRef</key>
			<string>5FCCC3181CF51BBD00901E2E</string>
			<key>isa</key>
			<string>PBXBuildFile</string>
		</dict>
		<key>5FCCC31B1CF51DF300901E2E</key>
		<dict>
			<key>fileEncoding</key>
			<string>4</string>
			<key>isa</key>
			<string>PBXFileReference</string>
			<key>lastKnownFileType</key>
			<string>sourcecode.swift</string>
			<key>path</key>
			<string>_ObjectiveManagementAPI.swift</string>
			<key>sourceTree</key>
			<string>&lt;group&gt;</string>
		</dict>
		<key>5FCCC31C1CF51DF300901E2E</key>
		<dict>
			<key>fileRef</key>
			<string>5FCCC31B1CF51DF300901E2E</string>
			<key>isa</key>
			<string>PBXBuildFile</string>
		</dict>
		<key>5FCCC31D1CF51DF300901E2E</key>
		<dict>
			<key>fileRef</key>
			<string>5FCCC31B1CF51DF300901E2E</string>
			<key>isa</key>
			<string>PBXBuildFile</string>
		</dict>
		<key>5FE2F8A51CCA9C17003628F4</key>
		<dict>
			<key>fileEncoding</key>
			<string>4</string>
			<key>isa</key>
			<string>PBXFileReference</string>
			<key>lastKnownFileType</key>
			<string>sourcecode.swift</string>
			<key>path</key>
			<string>CredentialsSpec.swift</string>
			<key>sourceTree</key>
			<string>&lt;group&gt;</string>
		</dict>
		<key>5FE2F8A61CCA9C17003628F4</key>
		<dict>
			<key>fileRef</key>
			<string>5FE2F8A51CCA9C17003628F4</string>
			<key>isa</key>
			<string>PBXBuildFile</string>
		</dict>
		<key>5FE2F8A71CCA9C17003628F4</key>
		<dict>
			<key>fileRef</key>
			<string>5FE2F8A51CCA9C17003628F4</string>
			<key>isa</key>
			<string>PBXBuildFile</string>
		</dict>
		<key>5FE2F8A81CCE54F1003628F4</key>
		<dict>
			<key>fileEncoding</key>
			<string>4</string>
			<key>isa</key>
			<string>PBXFileReference</string>
			<key>lastKnownFileType</key>
			<string>sourcecode.swift</string>
			<key>path</key>
			<string>Result.swift</string>
			<key>sourceTree</key>
			<string>&lt;group&gt;</string>
		</dict>
		<key>5FE2F8A91CCE54F1003628F4</key>
		<dict>
			<key>fileRef</key>
			<string>5FE2F8A81CCE54F1003628F4</string>
			<key>isa</key>
			<string>PBXBuildFile</string>
		</dict>
		<key>5FE2F8AA1CCE54F1003628F4</key>
		<dict>
			<key>fileRef</key>
			<string>5FE2F8A81CCE54F1003628F4</string>
			<key>isa</key>
			<string>PBXBuildFile</string>
		</dict>
		<key>5FE2F8B11CCEAED8003628F4</key>
		<dict>
			<key>fileEncoding</key>
			<string>4</string>
			<key>isa</key>
			<string>PBXFileReference</string>
			<key>lastKnownFileType</key>
			<string>sourcecode.swift</string>
			<key>path</key>
			<string>Requestable.swift</string>
			<key>sourceTree</key>
			<string>&lt;group&gt;</string>
		</dict>
		<key>5FE2F8B21CCEAED8003628F4</key>
		<dict>
			<key>fileRef</key>
			<string>5FE2F8B11CCEAED8003628F4</string>
			<key>isa</key>
			<string>PBXBuildFile</string>
		</dict>
		<key>5FE2F8B31CCEAED8003628F4</key>
		<dict>
			<key>fileRef</key>
			<string>5FE2F8B11CCEAED8003628F4</string>
			<key>isa</key>
			<string>PBXBuildFile</string>
		</dict>
		<key>5FE2F8B41CCEB1C0003628F4</key>
		<dict>
			<key>fileEncoding</key>
			<string>4</string>
			<key>isa</key>
			<string>PBXFileReference</string>
			<key>lastKnownFileType</key>
			<string>sourcecode.swift</string>
			<key>path</key>
			<string>Handlers.swift</string>
			<key>sourceTree</key>
			<string>&lt;group&gt;</string>
		</dict>
		<key>5FE2F8B51CCEB1C0003628F4</key>
		<dict>
			<key>fileRef</key>
			<string>5FE2F8B41CCEB1C0003628F4</string>
			<key>isa</key>
			<string>PBXBuildFile</string>
		</dict>
		<key>5FE2F8B61CCEB1C0003628F4</key>
		<dict>
			<key>fileRef</key>
			<string>5FE2F8B41CCEB1C0003628F4</string>
			<key>isa</key>
			<string>PBXBuildFile</string>
		</dict>
		<key>5FE2F8B71CD0E910003628F4</key>
		<dict>
			<key>fileEncoding</key>
			<string>4</string>
			<key>isa</key>
			<string>PBXFileReference</string>
			<key>lastKnownFileType</key>
			<string>sourcecode.swift</string>
			<key>path</key>
			<string>Request.swift</string>
			<key>sourceTree</key>
			<string>&lt;group&gt;</string>
		</dict>
		<key>5FE2F8B81CD0E910003628F4</key>
		<dict>
			<key>fileRef</key>
			<string>5FE2F8B71CD0E910003628F4</string>
			<key>isa</key>
			<string>PBXBuildFile</string>
		</dict>
		<key>5FE2F8B91CD0E910003628F4</key>
		<dict>
			<key>fileRef</key>
			<string>5FE2F8B71CD0E910003628F4</string>
			<key>isa</key>
			<string>PBXBuildFile</string>
		</dict>
		<key>5FE2F8BA1CD0EAAD003628F4</key>
		<dict>
			<key>fileEncoding</key>
			<string>4</string>
			<key>isa</key>
			<string>PBXFileReference</string>
			<key>lastKnownFileType</key>
			<string>sourcecode.swift</string>
			<key>path</key>
			<string>Response.swift</string>
			<key>sourceTree</key>
			<string>&lt;group&gt;</string>
		</dict>
		<key>5FE2F8BB1CD0EAAD003628F4</key>
		<dict>
			<key>fileRef</key>
			<string>5FE2F8BA1CD0EAAD003628F4</string>
			<key>isa</key>
			<string>PBXBuildFile</string>
		</dict>
		<key>5FE2F8BC1CD0EAAD003628F4</key>
		<dict>
			<key>fileRef</key>
			<string>5FE2F8BA1CD0EAAD003628F4</string>
			<key>isa</key>
			<string>PBXBuildFile</string>
		</dict>
		<key>5FE2F8BD1CD0EC52003628F4</key>
		<dict>
			<key>fileEncoding</key>
			<string>4</string>
			<key>isa</key>
			<string>PBXFileReference</string>
			<key>lastKnownFileType</key>
			<string>sourcecode.swift</string>
			<key>path</key>
			<string>ResponseSpec.swift</string>
			<key>sourceTree</key>
			<string>&lt;group&gt;</string>
		</dict>
		<key>5FE2F8BE1CD0EC52003628F4</key>
		<dict>
			<key>fileRef</key>
			<string>5FE2F8BD1CD0EC52003628F4</string>
			<key>isa</key>
			<string>PBXBuildFile</string>
		</dict>
		<key>5FE2F8BF1CD0EC52003628F4</key>
		<dict>
			<key>fileRef</key>
			<string>5FE2F8BD1CD0EC52003628F4</string>
			<key>isa</key>
			<string>PBXBuildFile</string>
		</dict>
		<key>5FE2F8C01CD0F9AF003628F4</key>
		<dict>
			<key>children</key>
			<array>
				<string>5F74CB3F1CEFD5E600226823</string>
				<string>5FE2F8B71CD0E910003628F4</string>
				<string>5FE2F8B11CCEAED8003628F4</string>
				<string>5FE2F8BA1CD0EAAD003628F4</string>
				<string>5FE2F8A81CCE54F1003628F4</string>
			</array>
			<key>isa</key>
			<string>PBXGroup</string>
			<key>path</key>
			<string>Networking</string>
			<key>sourceTree</key>
			<string>&lt;group&gt;</string>
		</dict>
		<key>5FE2F8C11CD0FA11003628F4</key>
		<dict>
			<key>children</key>
			<array>
				<string>5FE2F8BD1CD0EC52003628F4</string>
			</array>
			<key>isa</key>
			<string>PBXGroup</string>
			<key>path</key>
			<string>Networking</string>
			<key>sourceTree</key>
			<string>&lt;group&gt;</string>
		</dict>
		<key>5FE2F8C21CD1498E003628F4</key>
		<dict>
			<key>fileEncoding</key>
			<string>4</string>
			<key>isa</key>
			<string>PBXFileReference</string>
			<key>lastKnownFileType</key>
			<string>sourcecode.swift</string>
			<key>path</key>
			<string>UserProfile.swift</string>
			<key>sourceTree</key>
			<string>&lt;group&gt;</string>
		</dict>
		<key>5FE2F8C31CD1498E003628F4</key>
		<dict>
			<key>fileRef</key>
			<string>5FE2F8C21CD1498E003628F4</string>
			<key>isa</key>
			<string>PBXBuildFile</string>
		</dict>
		<key>5FE2F8C41CD1498E003628F4</key>
		<dict>
			<key>fileRef</key>
			<string>5FE2F8C21CD1498E003628F4</string>
			<key>isa</key>
			<string>PBXBuildFile</string>
		</dict>
		<key>5FE2F8C51CD1522F003628F4</key>
		<dict>
			<key>fileEncoding</key>
			<string>4</string>
			<key>isa</key>
			<string>PBXFileReference</string>
			<key>lastKnownFileType</key>
			<string>sourcecode.swift</string>
			<key>path</key>
			<string>UserProfileSpec.swift</string>
			<key>sourceTree</key>
			<string>&lt;group&gt;</string>
		</dict>
		<key>5FE2F8C61CD1522F003628F4</key>
		<dict>
			<key>fileRef</key>
			<string>5FE2F8C51CD1522F003628F4</string>
			<key>isa</key>
			<string>PBXBuildFile</string>
		</dict>
		<key>5FE2F8C71CD1522F003628F4</key>
		<dict>
			<key>fileRef</key>
			<string>5FE2F8C51CD1522F003628F4</string>
			<key>isa</key>
			<string>PBXBuildFile</string>
		</dict>
		<key>5FF346491CEFEC04000799DE</key>
		<dict>
			<key>isa</key>
			<string>PBXFileReference</string>
			<key>lastKnownFileType</key>
			<string>sourcecode.c.h</string>
			<key>path</key>
			<string>Auth0Tests.iOS-Bridging-Header.h</string>
			<key>sourceTree</key>
			<string>&lt;group&gt;</string>
		</dict>
		<key>5FF3464A1CEFEC04000799DE</key>
		<dict>
			<key>isa</key>
			<string>PBXFileReference</string>
			<key>lastKnownFileType</key>
			<string>sourcecode.c.h</string>
			<key>path</key>
			<string>Auth0Tests.OSX-Bridging-Header.h</string>
			<key>sourceTree</key>
			<string>&lt;group&gt;</string>
		</dict>
		<key>5FF465BA1CE2AC2800F7ED8C</key>
		<dict>
			<key>children</key>
			<array>
				<string>5FCCC3171CF51B9D00901E2E</string>
				<string>5FF465BB1CE2AC4500F7ED8C</string>
				<string>5FADB60B1CED7E0800D4BB50</string>
				<string>5FADB6051CED27FB00D4BB50</string>
			</array>
			<key>isa</key>
			<string>PBXGroup</string>
			<key>path</key>
			<string>Management</string>
			<key>sourceTree</key>
			<string>&lt;group&gt;</string>
		</dict>
		<key>5FF465BB1CE2AC4500F7ED8C</key>
		<dict>
			<key>fileEncoding</key>
			<string>4</string>
			<key>isa</key>
			<string>PBXFileReference</string>
			<key>lastKnownFileType</key>
			<string>sourcecode.swift</string>
			<key>path</key>
			<string>Management.swift</string>
			<key>sourceTree</key>
			<string>&lt;group&gt;</string>
		</dict>
		<key>5FF465BC1CE2AC4500F7ED8C</key>
		<dict>
			<key>fileRef</key>
			<string>5FF465BB1CE2AC4500F7ED8C</string>
			<key>isa</key>
			<string>PBXBuildFile</string>
		</dict>
		<key>5FF465BD1CE2AC4500F7ED8C</key>
		<dict>
			<key>fileRef</key>
			<string>5FF465BB1CE2AC4500F7ED8C</string>
			<key>isa</key>
			<string>PBXBuildFile</string>
		</dict>
	</dict>
	<key>rootObject</key>
	<string>5F049B601CB42C29006F6C05</string>
</dict>
</plist>
